// !$*UTF8*$!
{
	archiveVersion = 1;
	classes = {
	};
	objectVersion = 46;
	objects = {

/* Begin PBXBuildFile section */
		4D1A68321BF1DBD3003C8162 /* ProductAndRemarkTableViewCell.xib in Resources */ = {isa = PBXBuildFile; fileRef = 4D1A68311BF1DBD3003C8162 /* ProductAndRemarkTableViewCell.xib */; };
		4D1A68341BF1DBFA003C8162 /* ProductAndRemarkTableViewCell.swift in Sources */ = {isa = PBXBuildFile; fileRef = 4D1A68331BF1DBFA003C8162 /* ProductAndRemarkTableViewCell.swift */; };
		4D55D6C91BE9FF74006D85AF /* NSDateExtension.swift in Sources */ = {isa = PBXBuildFile; fileRef = 4D55D6C81BE9FF74006D85AF /* NSDateExtension.swift */; };
		4D5ED56C1BDF9E8F00D2DD77 /* AdSupport.framework in Frameworks */ = {isa = PBXBuildFile; fileRef = 4D5ED56B1BDF9E8F00D2DD77 /* AdSupport.framework */; };
		4D5ED56E1BDF9F3900D2DD77 /* UIDeviceExtension.swift in Sources */ = {isa = PBXBuildFile; fileRef = 4D5ED56D1BDF9F3900D2DD77 /* UIDeviceExtension.swift */; };
		4D5ED5701BDFB10900D2DD77 /* Categories1CollectionViewController.swift in Sources */ = {isa = PBXBuildFile; fileRef = 4D5ED56F1BDFB10900D2DD77 /* Categories1CollectionViewController.swift */; };
		4D5ED5721BDFB15C00D2DD77 /* Categories2CollectionViewContrller.swift in Sources */ = {isa = PBXBuildFile; fileRef = 4D5ED5711BDFB15C00D2DD77 /* Categories2CollectionViewContrller.swift */; };
		4D5ED5741BDFB3E000D2DD77 /* Category.swift in Sources */ = {isa = PBXBuildFile; fileRef = 4D5ED5731BDFB3E000D2DD77 /* Category.swift */; };
		4D66BB101BCF4E4400AF5CDC /* AppDelegate.swift in Sources */ = {isa = PBXBuildFile; fileRef = 4D66BB0F1BCF4E4400AF5CDC /* AppDelegate.swift */; };
		4D66BB171BCF4E4400AF5CDC /* Main.storyboard in Resources */ = {isa = PBXBuildFile; fileRef = 4D66BB151BCF4E4400AF5CDC /* Main.storyboard */; };
		4D66BB191BCF4E4400AF5CDC /* Images.xcassets in Resources */ = {isa = PBXBuildFile; fileRef = 4D66BB181BCF4E4400AF5CDC /* Images.xcassets */; };
		4D66BB1C1BCF4E4400AF5CDC /* LaunchScreen.xib in Resources */ = {isa = PBXBuildFile; fileRef = 4D66BB1A1BCF4E4400AF5CDC /* LaunchScreen.xib */; };
		4D66BB281BCF4E4400AF5CDC /* ProductShowTests.swift in Sources */ = {isa = PBXBuildFile; fileRef = 4D66BB271BCF4E4400AF5CDC /* ProductShowTests.swift */; };
		4D66BB3F1BCF4F5F00AF5CDC /* FirstPageViewController.swift in Sources */ = {isa = PBXBuildFile; fileRef = 4D66BB331BCF4F5F00AF5CDC /* FirstPageViewController.swift */; };
		4D66BB401BCF4F5F00AF5CDC /* Global.swift in Sources */ = {isa = PBXBuildFile; fileRef = 4D66BB341BCF4F5F00AF5CDC /* Global.swift */; };
		4D66BB411BCF4F5F00AF5CDC /* HomeTabBarViewController.swift in Sources */ = {isa = PBXBuildFile; fileRef = 4D66BB351BCF4F5F00AF5CDC /* HomeTabBarViewController.swift */; };
		4D66BB421BCF4F5F00AF5CDC /* HotProductsTableViewController.swift in Sources */ = {isa = PBXBuildFile; fileRef = 4D66BB361BCF4F5F00AF5CDC /* HotProductsTableViewController.swift */; };
		4D66BB431BCF4F5F00AF5CDC /* LoginViewController.swift in Sources */ = {isa = PBXBuildFile; fileRef = 4D66BB371BCF4F5F00AF5CDC /* LoginViewController.swift */; };
		4D66BB441BCF4F5F00AF5CDC /* ProductsTableViewController.swift in Sources */ = {isa = PBXBuildFile; fileRef = 4D66BB381BCF4F5F00AF5CDC /* ProductsTableViewController.swift */; };
		4D66BB451BCF4F5F00AF5CDC /* SearchProductsViewController.swift in Sources */ = {isa = PBXBuildFile; fileRef = 4D66BB391BCF4F5F00AF5CDC /* SearchProductsViewController.swift */; };
		4D66BB461BCF4F5F00AF5CDC /* TabNavigationController.swift in Sources */ = {isa = PBXBuildFile; fileRef = 4D66BB3A1BCF4F5F00AF5CDC /* TabNavigationController.swift */; };
		4D66BB481BCF4F5F00AF5CDC /* UserCenterTableViewController.swift in Sources */ = {isa = PBXBuildFile; fileRef = 4D66BB3C1BCF4F5F00AF5CDC /* UserCenterTableViewController.swift */; };
		4D66BB4C1BCF4F7E00AF5CDC /* JsonField.swift in Sources */ = {isa = PBXBuildFile; fileRef = 4D66BB4A1BCF4F7E00AF5CDC /* JsonField.swift */; };
		4D66BB4D1BCF4F7E00AF5CDC /* WebApi.swift in Sources */ = {isa = PBXBuildFile; fileRef = 4D66BB4B1BCF4F7E00AF5CDC /* WebApi.swift */; };
		4D66BB501BCF4FB600AF5CDC /* StringExtension.swift in Sources */ = {isa = PBXBuildFile; fileRef = 4D66BB4F1BCF4FB600AF5CDC /* StringExtension.swift */; };
		4D66BB541BCF4FDA00AF5CDC /* ProductTableViewCell.swift in Sources */ = {isa = PBXBuildFile; fileRef = 4D66BB521BCF4FDA00AF5CDC /* ProductTableViewCell.swift */; };
		4D66BB551BCF4FDA00AF5CDC /* ProductTableViewCell.xib in Resources */ = {isa = PBXBuildFile; fileRef = 4D66BB531BCF4FDA00AF5CDC /* ProductTableViewCell.xib */; };
		4D66BB651BCF519A00AF5CDC /* NSString+MessageDigest.m in Sources */ = {isa = PBXBuildFile; fileRef = 4D66BB641BCF519A00AF5CDC /* NSString+MessageDigest.m */; };
		4D6CFD1A1BE8F93F00DEB5E6 /* AllUrl.swift in Sources */ = {isa = PBXBuildFile; fileRef = 4D6CFD191BE8F93F00DEB5E6 /* AllUrl.swift */; };
		4D784C841BE06C71006EE10B /* ProductViewController.swift in Sources */ = {isa = PBXBuildFile; fileRef = 4D784C831BE06C71006EE10B /* ProductViewController.swift */; };
		4D81BFC91BD0D96A00B1AA34 /* OrderDetailTableViewController.swift in Sources */ = {isa = PBXBuildFile; fileRef = 4D81BFC81BD0D96A00B1AA34 /* OrderDetailTableViewController.swift */; };
		4D81BFCB1BD0E73200B1AA34 /* MyOrdersTableViewController.swift in Sources */ = {isa = PBXBuildFile; fileRef = 4D81BFCA1BD0E73200B1AA34 /* MyOrdersTableViewController.swift */; };
		4D8E1E7D1BDA0D1000F30612 /* MediaPlayer.framework in Frameworks */ = {isa = PBXBuildFile; fileRef = 4D8E1E7C1BDA0D1000F30612 /* MediaPlayer.framework */; };
		4D95CB311BCF85E600E10FD3 /* UIViewControllerExtension.swift in Sources */ = {isa = PBXBuildFile; fileRef = 4D95CB301BCF85E600E10FD3 /* UIViewControllerExtension.swift */; };
		4D95CB331BCF8ED800E10FD3 /* Cart.swift in Sources */ = {isa = PBXBuildFile; fileRef = 4D95CB321BCF8ED800E10FD3 /* Cart.swift */; };
		4D95CB351BCF9A6700E10FD3 /* CartTableViewController.swift in Sources */ = {isa = PBXBuildFile; fileRef = 4D95CB341BCF9A6700E10FD3 /* CartTableViewController.swift */; };
		4DBA71B61BD489DE0031945C /* UIImagesCollectionViewContrller.swift in Sources */ = {isa = PBXBuildFile; fileRef = 4DBA71B51BD489DE0031945C /* UIImagesCollectionViewContrller.swift */; };
		4DBA71BA1BD49EB50031945C /* ProductFile.swift in Sources */ = {isa = PBXBuildFile; fileRef = 4DBA71B91BD49EB50031945C /* ProductFile.swift */; };
		4DBA71BC1BD4C0BA0031945C /* Product.swift in Sources */ = {isa = PBXBuildFile; fileRef = 4DBA71BB1BD4C0BA0031945C /* Product.swift */; };
		4DBA71BE1BD4E7010031945C /* UIImagesCollectionViewContrller2.swift in Sources */ = {isa = PBXBuildFile; fileRef = 4DBA71BD1BD4E7010031945C /* UIImagesCollectionViewContrller2.swift */; };
		4DBC65531BE1068800FF4C6A /* CommonTableViewCell.xib in Resources */ = {isa = PBXBuildFile; fileRef = 4DBC65521BE1068800FF4C6A /* CommonTableViewCell.xib */; };
		4DBC65551BE1094100FF4C6A /* CommonTableViewCell.swift in Sources */ = {isa = PBXBuildFile; fileRef = 4DBC65541BE1094100FF4C6A /* CommonTableViewCell.swift */; };
		4DBD0E6A1BD612F00090DFAC /* UploadFile.m in Sources */ = {isa = PBXBuildFile; fileRef = 4DBD0E691BD612F00090DFAC /* UploadFile.m */; };
		4DBFC91D1BD1E15B0076123D /* userinfo.json in Resources */ = {isa = PBXBuildFile; fileRef = 4DBFC91C1BD1E15B0076123D /* userinfo.json */; };
		4DBFC9201BD1EFA80076123D /* PhotoUtil.swift in Sources */ = {isa = PBXBuildFile; fileRef = 4DBFC91F1BD1EFA80076123D /* PhotoUtil.swift */; };
		4DBFC9221BD24F300076123D /* UserInfo.swift in Sources */ = {isa = PBXBuildFile; fileRef = 4DBFC9211BD24F300076123D /* UserInfo.swift */; };
		4DD472561BD1453900626143 /* Order.swift in Sources */ = {isa = PBXBuildFile; fileRef = 4DD472551BD1453900626143 /* Order.swift */; };
		4DD82F9A1BE0B73500283945 /* PasswordViewController.swift in Sources */ = {isa = PBXBuildFile; fileRef = 4DD82F991BE0B73500283945 /* PasswordViewController.swift */; };
		4DD82F9C1BE0C61100283945 /* VisitLogTableViewContrller.swift in Sources */ = {isa = PBXBuildFile; fileRef = 4DD82F9B1BE0C61100283945 /* VisitLogTableViewContrller.swift */; };
		4DD82F9E1BE0CBA000283945 /* Log.swift in Sources */ = {isa = PBXBuildFile; fileRef = 4DD82F9D1BE0CBA000283945 /* Log.swift */; };
		4DDB313D1BD87E0B0030B3EE /* UICustomersTableViewController.swift in Sources */ = {isa = PBXBuildFile; fileRef = 4DDB313C1BD87E0B0030B3EE /* UICustomersTableViewController.swift */; };
		4DDB313F1BD87E5E0030B3EE /* Customer.swift in Sources */ = {isa = PBXBuildFile; fileRef = 4DDB313E1BD87E5E0030B3EE /* Customer.swift */; };
		4DDB31431BD893D50030B3EE /* ReturnDic.swift in Sources */ = {isa = PBXBuildFile; fileRef = 4DDB31421BD893D50030B3EE /* ReturnDic.swift */; };
		4DDB31451BD8BA190030B3EE /* UINoticeTableViewController.swift in Sources */ = {isa = PBXBuildFile; fileRef = 4DDB31441BD8BA190030B3EE /* UINoticeTableViewController.swift */; };
		4DDB31471BD8BA3F0030B3EE /* Notice.swift in Sources */ = {isa = PBXBuildFile; fileRef = 4DDB31461BD8BA3F0030B3EE /* Notice.swift */; };
		4DDB31491BD8C0D70030B3EE /* UINoticeViewController.swift in Sources */ = {isa = PBXBuildFile; fileRef = 4DDB31481BD8C0D70030B3EE /* UINoticeViewController.swift */; };
		4DE672151BF18A63001CB97E /* BasicTableViewCell.swift in Sources */ = {isa = PBXBuildFile; fileRef = 4DE672141BF18A63001CB97E /* BasicTableViewCell.swift */; };
		4DE672171BF18B21001CB97E /* BasicTableViewCell.xib in Resources */ = {isa = PBXBuildFile; fileRef = 4DE672161BF18B21001CB97E /* BasicTableViewCell.xib */; };
		4DE672191BF1916F001CB97E /* LogEditorViewController.swift in Sources */ = {isa = PBXBuildFile; fileRef = 4DE672181BF1916F001CB97E /* LogEditorViewController.swift */; };
		4DF5FCA01BD36AA800EBC238 /* UIProductDetailViewController.swift in Sources */ = {isa = PBXBuildFile; fileRef = 4DF5FC9F1BD36AA800EBC238 /* UIProductDetailViewController.swift */; };
/* End PBXBuildFile section */

/* Begin PBXContainerItemProxy section */
		4D66BB221BCF4E4400AF5CDC /* PBXContainerItemProxy */ = {
			isa = PBXContainerItemProxy;
			containerPortal = 4D66BB021BCF4E4400AF5CDC /* Project object */;
			proxyType = 1;
			remoteGlobalIDString = 4D66BB091BCF4E4400AF5CDC;
			remoteInfo = ProductShow;
		};
/* End PBXContainerItemProxy section */

/* Begin PBXFileReference section */
		4D1A68311BF1DBD3003C8162 /* ProductAndRemarkTableViewCell.xib */ = {isa = PBXFileReference; fileEncoding = 4; lastKnownFileType = file.xib; path = ProductAndRemarkTableViewCell.xib; sourceTree = "<group>"; };
		4D1A68331BF1DBFA003C8162 /* ProductAndRemarkTableViewCell.swift */ = {isa = PBXFileReference; fileEncoding = 4; lastKnownFileType = sourcecode.swift; path = ProductAndRemarkTableViewCell.swift; sourceTree = "<group>"; };
		4D55D6C81BE9FF74006D85AF /* NSDateExtension.swift */ = {isa = PBXFileReference; fileEncoding = 4; lastKnownFileType = sourcecode.swift; path = NSDateExtension.swift; sourceTree = "<group>"; };
		4D5ED56B1BDF9E8F00D2DD77 /* AdSupport.framework */ = {isa = PBXFileReference; lastKnownFileType = wrapper.framework; name = AdSupport.framework; path = System/Library/Frameworks/AdSupport.framework; sourceTree = SDKROOT; };
		4D5ED56D1BDF9F3900D2DD77 /* UIDeviceExtension.swift */ = {isa = PBXFileReference; fileEncoding = 4; lastKnownFileType = sourcecode.swift; path = UIDeviceExtension.swift; sourceTree = "<group>"; };
		4D5ED56F1BDFB10900D2DD77 /* Categories1CollectionViewController.swift */ = {isa = PBXFileReference; fileEncoding = 4; lastKnownFileType = sourcecode.swift; path = Categories1CollectionViewController.swift; sourceTree = "<group>"; };
		4D5ED5711BDFB15C00D2DD77 /* Categories2CollectionViewContrller.swift */ = {isa = PBXFileReference; fileEncoding = 4; lastKnownFileType = sourcecode.swift; path = Categories2CollectionViewContrller.swift; sourceTree = "<group>"; };
		4D5ED5731BDFB3E000D2DD77 /* Category.swift */ = {isa = PBXFileReference; fileEncoding = 4; lastKnownFileType = sourcecode.swift; path = Category.swift; sourceTree = "<group>"; };
		4D66BB0A1BCF4E4400AF5CDC /* ProductShow.app */ = {isa = PBXFileReference; explicitFileType = wrapper.application; includeInIndex = 0; path = ProductShow.app; sourceTree = BUILT_PRODUCTS_DIR; };
		4D66BB0E1BCF4E4400AF5CDC /* Info.plist */ = {isa = PBXFileReference; lastKnownFileType = text.plist.xml; path = Info.plist; sourceTree = "<group>"; };
		4D66BB0F1BCF4E4400AF5CDC /* AppDelegate.swift */ = {isa = PBXFileReference; lastKnownFileType = sourcecode.swift; path = AppDelegate.swift; sourceTree = "<group>"; };
		4D66BB161BCF4E4400AF5CDC /* Base */ = {isa = PBXFileReference; lastKnownFileType = file.storyboard; name = Base; path = Base.lproj/Main.storyboard; sourceTree = "<group>"; };
		4D66BB181BCF4E4400AF5CDC /* Images.xcassets */ = {isa = PBXFileReference; lastKnownFileType = folder.assetcatalog; path = Images.xcassets; sourceTree = "<group>"; };
		4D66BB1B1BCF4E4400AF5CDC /* Base */ = {isa = PBXFileReference; lastKnownFileType = file.xib; name = Base; path = Base.lproj/LaunchScreen.xib; sourceTree = "<group>"; };
		4D66BB211BCF4E4400AF5CDC /* ProductShowTests.xctest */ = {isa = PBXFileReference; explicitFileType = wrapper.cfbundle; includeInIndex = 0; path = ProductShowTests.xctest; sourceTree = BUILT_PRODUCTS_DIR; };
		4D66BB261BCF4E4400AF5CDC /* Info.plist */ = {isa = PBXFileReference; lastKnownFileType = text.plist.xml; path = Info.plist; sourceTree = "<group>"; };
		4D66BB271BCF4E4400AF5CDC /* ProductShowTests.swift */ = {isa = PBXFileReference; lastKnownFileType = sourcecode.swift; path = ProductShowTests.swift; sourceTree = "<group>"; };
		4D66BB331BCF4F5F00AF5CDC /* FirstPageViewController.swift */ = {isa = PBXFileReference; fileEncoding = 4; lastKnownFileType = sourcecode.swift; path = FirstPageViewController.swift; sourceTree = "<group>"; };
		4D66BB341BCF4F5F00AF5CDC /* Global.swift */ = {isa = PBXFileReference; fileEncoding = 4; lastKnownFileType = sourcecode.swift; path = Global.swift; sourceTree = "<group>"; };
		4D66BB351BCF4F5F00AF5CDC /* HomeTabBarViewController.swift */ = {isa = PBXFileReference; fileEncoding = 4; lastKnownFileType = sourcecode.swift; path = HomeTabBarViewController.swift; sourceTree = "<group>"; };
		4D66BB361BCF4F5F00AF5CDC /* HotProductsTableViewController.swift */ = {isa = PBXFileReference; fileEncoding = 4; lastKnownFileType = sourcecode.swift; path = HotProductsTableViewController.swift; sourceTree = "<group>"; };
		4D66BB371BCF4F5F00AF5CDC /* LoginViewController.swift */ = {isa = PBXFileReference; fileEncoding = 4; lastKnownFileType = sourcecode.swift; path = LoginViewController.swift; sourceTree = "<group>"; };
		4D66BB381BCF4F5F00AF5CDC /* ProductsTableViewController.swift */ = {isa = PBXFileReference; fileEncoding = 4; lastKnownFileType = sourcecode.swift; path = ProductsTableViewController.swift; sourceTree = "<group>"; };
		4D66BB391BCF4F5F00AF5CDC /* SearchProductsViewController.swift */ = {isa = PBXFileReference; fileEncoding = 4; lastKnownFileType = sourcecode.swift; path = SearchProductsViewController.swift; sourceTree = "<group>"; };
		4D66BB3A1BCF4F5F00AF5CDC /* TabNavigationController.swift */ = {isa = PBXFileReference; fileEncoding = 4; lastKnownFileType = sourcecode.swift; path = TabNavigationController.swift; sourceTree = "<group>"; };
		4D66BB3C1BCF4F5F00AF5CDC /* UserCenterTableViewController.swift */ = {isa = PBXFileReference; fileEncoding = 4; lastKnownFileType = sourcecode.swift; path = UserCenterTableViewController.swift; sourceTree = "<group>"; };
		4D66BB4A1BCF4F7E00AF5CDC /* JsonField.swift */ = {isa = PBXFileReference; fileEncoding = 4; lastKnownFileType = sourcecode.swift; path = JsonField.swift; sourceTree = "<group>"; };
		4D66BB4B1BCF4F7E00AF5CDC /* WebApi.swift */ = {isa = PBXFileReference; fileEncoding = 4; lastKnownFileType = sourcecode.swift; path = WebApi.swift; sourceTree = "<group>"; };
		4D66BB4F1BCF4FB600AF5CDC /* StringExtension.swift */ = {isa = PBXFileReference; fileEncoding = 4; lastKnownFileType = sourcecode.swift; path = StringExtension.swift; sourceTree = "<group>"; };
		4D66BB521BCF4FDA00AF5CDC /* ProductTableViewCell.swift */ = {isa = PBXFileReference; fileEncoding = 4; lastKnownFileType = sourcecode.swift; path = ProductTableViewCell.swift; sourceTree = "<group>"; };
		4D66BB531BCF4FDA00AF5CDC /* ProductTableViewCell.xib */ = {isa = PBXFileReference; fileEncoding = 4; lastKnownFileType = file.xib; path = ProductTableViewCell.xib; sourceTree = "<group>"; };
		4D66BB5E1BCF515B00AF5CDC /* ProductShow-Bridging-Header.h */ = {isa = PBXFileReference; lastKnownFileType = sourcecode.c.h; path = "ProductShow-Bridging-Header.h"; sourceTree = "<group>"; };
		4D66BB631BCF519A00AF5CDC /* NSString+MessageDigest.h */ = {isa = PBXFileReference; fileEncoding = 4; lastKnownFileType = sourcecode.c.h; path = "NSString+MessageDigest.h"; sourceTree = "<group>"; };
		4D66BB641BCF519A00AF5CDC /* NSString+MessageDigest.m */ = {isa = PBXFileReference; fileEncoding = 4; lastKnownFileType = sourcecode.c.objc; path = "NSString+MessageDigest.m"; sourceTree = "<group>"; };
		4D6CFD191BE8F93F00DEB5E6 /* AllUrl.swift */ = {isa = PBXFileReference; fileEncoding = 4; lastKnownFileType = sourcecode.swift; path = AllUrl.swift; sourceTree = "<group>"; };
		4D784C831BE06C71006EE10B /* ProductViewController.swift */ = {isa = PBXFileReference; fileEncoding = 4; lastKnownFileType = sourcecode.swift; path = ProductViewController.swift; sourceTree = "<group>"; };
		4D81BFC81BD0D96A00B1AA34 /* OrderDetailTableViewController.swift */ = {isa = PBXFileReference; fileEncoding = 4; lastKnownFileType = sourcecode.swift; path = OrderDetailTableViewController.swift; sourceTree = "<group>"; };
		4D81BFCA1BD0E73200B1AA34 /* MyOrdersTableViewController.swift */ = {isa = PBXFileReference; fileEncoding = 4; lastKnownFileType = sourcecode.swift; path = MyOrdersTableViewController.swift; sourceTree = "<group>"; };
		4D8E1E7C1BDA0D1000F30612 /* MediaPlayer.framework */ = {isa = PBXFileReference; lastKnownFileType = wrapper.framework; name = MediaPlayer.framework; path = System/Library/Frameworks/MediaPlayer.framework; sourceTree = SDKROOT; };
		4D95CB301BCF85E600E10FD3 /* UIViewControllerExtension.swift */ = {isa = PBXFileReference; fileEncoding = 4; lastKnownFileType = sourcecode.swift; path = UIViewControllerExtension.swift; sourceTree = "<group>"; };
		4D95CB321BCF8ED800E10FD3 /* Cart.swift */ = {isa = PBXFileReference; fileEncoding = 4; lastKnownFileType = sourcecode.swift; path = Cart.swift; sourceTree = "<group>"; };
		4D95CB341BCF9A6700E10FD3 /* CartTableViewController.swift */ = {isa = PBXFileReference; fileEncoding = 4; lastKnownFileType = sourcecode.swift; path = CartTableViewController.swift; sourceTree = "<group>"; };
		4DBA71B51BD489DE0031945C /* UIImagesCollectionViewContrller.swift */ = {isa = PBXFileReference; fileEncoding = 4; lastKnownFileType = sourcecode.swift; path = UIImagesCollectionViewContrller.swift; sourceTree = "<group>"; };
		4DBA71B91BD49EB50031945C /* ProductFile.swift */ = {isa = PBXFileReference; fileEncoding = 4; lastKnownFileType = sourcecode.swift; path = ProductFile.swift; sourceTree = "<group>"; };
		4DBA71BB1BD4C0BA0031945C /* Product.swift */ = {isa = PBXFileReference; fileEncoding = 4; lastKnownFileType = sourcecode.swift; path = Product.swift; sourceTree = "<group>"; };
		4DBA71BD1BD4E7010031945C /* UIImagesCollectionViewContrller2.swift */ = {isa = PBXFileReference; fileEncoding = 4; lastKnownFileType = sourcecode.swift; path = UIImagesCollectionViewContrller2.swift; sourceTree = "<group>"; };
		4DBC65521BE1068800FF4C6A /* CommonTableViewCell.xib */ = {isa = PBXFileReference; fileEncoding = 4; lastKnownFileType = file.xib; path = CommonTableViewCell.xib; sourceTree = "<group>"; };
		4DBC65541BE1094100FF4C6A /* CommonTableViewCell.swift */ = {isa = PBXFileReference; fileEncoding = 4; lastKnownFileType = sourcecode.swift; path = CommonTableViewCell.swift; sourceTree = "<group>"; };
		4DBD0E681BD612F00090DFAC /* UploadFile.h */ = {isa = PBXFileReference; fileEncoding = 4; lastKnownFileType = sourcecode.c.h; path = UploadFile.h; sourceTree = "<group>"; };
		4DBD0E691BD612F00090DFAC /* UploadFile.m */ = {isa = PBXFileReference; fileEncoding = 4; lastKnownFileType = sourcecode.c.objc; path = UploadFile.m; sourceTree = "<group>"; };
		4DBFC91C1BD1E15B0076123D /* userinfo.json */ = {isa = PBXFileReference; fileEncoding = 4; lastKnownFileType = text.json; path = userinfo.json; sourceTree = "<group>"; };
		4DBFC91F1BD1EFA80076123D /* PhotoUtil.swift */ = {isa = PBXFileReference; fileEncoding = 4; lastKnownFileType = sourcecode.swift; path = PhotoUtil.swift; sourceTree = "<group>"; };
		4DBFC9211BD24F300076123D /* UserInfo.swift */ = {isa = PBXFileReference; fileEncoding = 4; lastKnownFileType = sourcecode.swift; path = UserInfo.swift; sourceTree = "<group>"; };
		4DD472551BD1453900626143 /* Order.swift */ = {isa = PBXFileReference; fileEncoding = 4; lastKnownFileType = sourcecode.swift; path = Order.swift; sourceTree = "<group>"; };
		4DD82F991BE0B73500283945 /* PasswordViewController.swift */ = {isa = PBXFileReference; fileEncoding = 4; lastKnownFileType = sourcecode.swift; path = PasswordViewController.swift; sourceTree = "<group>"; };
		4DD82F9B1BE0C61100283945 /* VisitLogTableViewContrller.swift */ = {isa = PBXFileReference; fileEncoding = 4; lastKnownFileType = sourcecode.swift; path = VisitLogTableViewContrller.swift; sourceTree = "<group>"; };
		4DD82F9D1BE0CBA000283945 /* Log.swift */ = {isa = PBXFileReference; fileEncoding = 4; lastKnownFileType = sourcecode.swift; path = Log.swift; sourceTree = "<group>"; };
		4DDB313C1BD87E0B0030B3EE /* UICustomersTableViewController.swift */ = {isa = PBXFileReference; fileEncoding = 4; lastKnownFileType = sourcecode.swift; path = UICustomersTableViewController.swift; sourceTree = "<group>"; };
		4DDB313E1BD87E5E0030B3EE /* Customer.swift */ = {isa = PBXFileReference; fileEncoding = 4; lastKnownFileType = sourcecode.swift; path = Customer.swift; sourceTree = "<group>"; };
		4DDB31421BD893D50030B3EE /* ReturnDic.swift */ = {isa = PBXFileReference; fileEncoding = 4; lastKnownFileType = sourcecode.swift; path = ReturnDic.swift; sourceTree = "<group>"; };
		4DDB31441BD8BA190030B3EE /* UINoticeTableViewController.swift */ = {isa = PBXFileReference; fileEncoding = 4; lastKnownFileType = sourcecode.swift; path = UINoticeTableViewController.swift; sourceTree = "<group>"; };
		4DDB31461BD8BA3F0030B3EE /* Notice.swift */ = {isa = PBXFileReference; fileEncoding = 4; lastKnownFileType = sourcecode.swift; path = Notice.swift; sourceTree = "<group>"; };
		4DDB31481BD8C0D70030B3EE /* UINoticeViewController.swift */ = {isa = PBXFileReference; fileEncoding = 4; lastKnownFileType = sourcecode.swift; path = UINoticeViewController.swift; sourceTree = "<group>"; };
		4DE672141BF18A63001CB97E /* BasicTableViewCell.swift */ = {isa = PBXFileReference; fileEncoding = 4; lastKnownFileType = sourcecode.swift; path = BasicTableViewCell.swift; sourceTree = "<group>"; };
		4DE672161BF18B21001CB97E /* BasicTableViewCell.xib */ = {isa = PBXFileReference; fileEncoding = 4; lastKnownFileType = file.xib; path = BasicTableViewCell.xib; sourceTree = "<group>"; };
		4DE672181BF1916F001CB97E /* LogEditorViewController.swift */ = {isa = PBXFileReference; fileEncoding = 4; lastKnownFileType = sourcecode.swift; path = LogEditorViewController.swift; sourceTree = "<group>"; };
		4DF5FC9F1BD36AA800EBC238 /* UIProductDetailViewController.swift */ = {isa = PBXFileReference; fileEncoding = 4; lastKnownFileType = sourcecode.swift; path = UIProductDetailViewController.swift; sourceTree = "<group>"; };
/* End PBXFileReference section */

/* Begin PBXFrameworksBuildPhase section */
		4D66BB071BCF4E4400AF5CDC /* Frameworks */ = {
			isa = PBXFrameworksBuildPhase;
			buildActionMask = 2147483647;
			files = (
				4D5ED56C1BDF9E8F00D2DD77 /* AdSupport.framework in Frameworks */,
				4D8E1E7D1BDA0D1000F30612 /* MediaPlayer.framework in Frameworks */,
			);
			runOnlyForDeploymentPostprocessing = 0;
		};
		4D66BB1E1BCF4E4400AF5CDC /* Frameworks */ = {
			isa = PBXFrameworksBuildPhase;
			buildActionMask = 2147483647;
			files = (
			);
			runOnlyForDeploymentPostprocessing = 0;
		};
/* End PBXFrameworksBuildPhase section */

/* Begin PBXGroup section */
		4D66BB011BCF4E4400AF5CDC = {
			isa = PBXGroup;
			children = (
				4D66BB0C1BCF4E4400AF5CDC /* ProductShow */,
				4D66BB241BCF4E4400AF5CDC /* ProductShowTests */,
				4D66BB0B1BCF4E4400AF5CDC /* Products */,
			);
			sourceTree = "<group>";
		};
		4D66BB0B1BCF4E4400AF5CDC /* Products */ = {
			isa = PBXGroup;
			children = (
				4D66BB0A1BCF4E4400AF5CDC /* ProductShow.app */,
				4D66BB211BCF4E4400AF5CDC /* ProductShowTests.xctest */,
			);
			name = Products;
			sourceTree = "<group>";
		};
		4D66BB0C1BCF4E4400AF5CDC /* ProductShow */ = {
			isa = PBXGroup;
			children = (
				4DBFC91E1BD1EB580076123D /* Util */,
				4D66BB621BCF519A00AF5CDC /* Objc */,
				4D66BB511BCF4FDA00AF5CDC /* Cell */,
				4D66BB4E1BCF4FB600AF5CDC /* extension */,
				4D66BB491BCF4F7E00AF5CDC /* WebApi */,
				4DDB314A1BD8C4830030B3EE /* UserCenter */,
				4DDB314B1BD8C5240030B3EE /* Product */,
				4D5ED56F1BDFB10900D2DD77 /* Categories1CollectionViewController.swift */,
				4D5ED5711BDFB15C00D2DD77 /* Categories2CollectionViewContrller.swift */,
				4D66BB331BCF4F5F00AF5CDC /* FirstPageViewController.swift */,
				4D66BB351BCF4F5F00AF5CDC /* HomeTabBarViewController.swift */,
				4D66BB361BCF4F5F00AF5CDC /* HotProductsTableViewController.swift */,
				4D66BB371BCF4F5F00AF5CDC /* LoginViewController.swift */,
				4D66BB391BCF4F5F00AF5CDC /* SearchProductsViewController.swift */,
				4D66BB3A1BCF4F5F00AF5CDC /* TabNavigationController.swift */,
				4D95CB341BCF9A6700E10FD3 /* CartTableViewController.swift */,
				4D66BB0F1BCF4E4400AF5CDC /* AppDelegate.swift */,
				4D66BB151BCF4E4400AF5CDC /* Main.storyboard */,
				4D66BB181BCF4E4400AF5CDC /* Images.xcassets */,
				4D66BB1A1BCF4E4400AF5CDC /* LaunchScreen.xib */,
				4D66BB0D1BCF4E4400AF5CDC /* Supporting Files */,
				4D66BB5E1BCF515B00AF5CDC /* ProductShow-Bridging-Header.h */,
				4D5ED56B1BDF9E8F00D2DD77 /* AdSupport.framework */,
				4D8E1E7C1BDA0D1000F30612 /* MediaPlayer.framework */,
				4DBFC91C1BD1E15B0076123D /* userinfo.json */,
			);
			path = ProductShow;
			sourceTree = "<group>";
		};
		4D66BB0D1BCF4E4400AF5CDC /* Supporting Files */ = {
			isa = PBXGroup;
			children = (
				4D66BB0E1BCF4E4400AF5CDC /* Info.plist */,
			);
			name = "Supporting Files";
			sourceTree = "<group>";
		};
		4D66BB241BCF4E4400AF5CDC /* ProductShowTests */ = {
			isa = PBXGroup;
			children = (
				4D66BB271BCF4E4400AF5CDC /* ProductShowTests.swift */,
				4D66BB251BCF4E4400AF5CDC /* Supporting Files */,
			);
			path = ProductShowTests;
			sourceTree = "<group>";
		};
		4D66BB251BCF4E4400AF5CDC /* Supporting Files */ = {
			isa = PBXGroup;
			children = (
				4D66BB261BCF4E4400AF5CDC /* Info.plist */,
			);
			name = "Supporting Files";
			sourceTree = "<group>";
		};
		4D66BB491BCF4F7E00AF5CDC /* WebApi */ = {
			isa = PBXGroup;
			children = (
				4D66BB4A1BCF4F7E00AF5CDC /* JsonField.swift */,
				4D66BB4B1BCF4F7E00AF5CDC /* WebApi.swift */,
			);
			path = WebApi;
			sourceTree = "<group>";
		};
		4D66BB4E1BCF4FB600AF5CDC /* extension */ = {
			isa = PBXGroup;
			children = (
				4D66BB4F1BCF4FB600AF5CDC /* StringExtension.swift */,
				4D95CB301BCF85E600E10FD3 /* UIViewControllerExtension.swift */,
				4D5ED56D1BDF9F3900D2DD77 /* UIDeviceExtension.swift */,
				4D55D6C81BE9FF74006D85AF /* NSDateExtension.swift */,
			);
			path = extension;
			sourceTree = "<group>";
		};
		4D66BB511BCF4FDA00AF5CDC /* Cell */ = {
			isa = PBXGroup;
			children = (
				4D66BB521BCF4FDA00AF5CDC /* ProductTableViewCell.swift */,
				4D66BB531BCF4FDA00AF5CDC /* ProductTableViewCell.xib */,
				4D1A68331BF1DBFA003C8162 /* ProductAndRemarkTableViewCell.swift */,
				4D1A68311BF1DBD3003C8162 /* ProductAndRemarkTableViewCell.xib */,
				4DBC65541BE1094100FF4C6A /* CommonTableViewCell.swift */,
				4DBC65521BE1068800FF4C6A /* CommonTableViewCell.xib */,
				4DE672141BF18A63001CB97E /* BasicTableViewCell.swift */,
				4DE672161BF18B21001CB97E /* BasicTableViewCell.xib */,
			);
			path = Cell;
			sourceTree = "<group>";
		};
		4D66BB621BCF519A00AF5CDC /* Objc */ = {
			isa = PBXGroup;
			children = (
				4D66BB631BCF519A00AF5CDC /* NSString+MessageDigest.h */,
				4D66BB641BCF519A00AF5CDC /* NSString+MessageDigest.m */,
				4DBD0E681BD612F00090DFAC /* UploadFile.h */,
				4DBD0E691BD612F00090DFAC /* UploadFile.m */,
			);
			path = Objc;
			sourceTree = "<group>";
		};
		4DBFC91E1BD1EB580076123D /* Util */ = {
			isa = PBXGroup;
			children = (
				4D95CB321BCF8ED800E10FD3 /* Cart.swift */,
				4DD472551BD1453900626143 /* Order.swift */,
				4DBFC91F1BD1EFA80076123D /* PhotoUtil.swift */,
				4DBFC9211BD24F300076123D /* UserInfo.swift */,
				4D66BB341BCF4F5F00AF5CDC /* Global.swift */,
				4DBA71B91BD49EB50031945C /* ProductFile.swift */,
				4DBA71BB1BD4C0BA0031945C /* Product.swift */,
				4DDB313E1BD87E5E0030B3EE /* Customer.swift */,
				4DDB31421BD893D50030B3EE /* ReturnDic.swift */,
				4DDB31461BD8BA3F0030B3EE /* Notice.swift */,
				4D5ED5731BDFB3E000D2DD77 /* Category.swift */,
				4DD82F9D1BE0CBA000283945 /* Log.swift */,
				4D6CFD191BE8F93F00DEB5E6 /* AllUrl.swift */,
			);
			name = Util;
			sourceTree = "<group>";
		};
		4DDB314A1BD8C4830030B3EE /* UserCenter */ = {
			isa = PBXGroup;
			children = (
				4D66BB3C1BCF4F5F00AF5CDC /* UserCenterTableViewController.swift */,
				4D81BFCA1BD0E73200B1AA34 /* MyOrdersTableViewController.swift */,
				4D81BFC81BD0D96A00B1AA34 /* OrderDetailTableViewController.swift */,
				4DDB313C1BD87E0B0030B3EE /* UICustomersTableViewController.swift */,
				4DD82F9B1BE0C61100283945 /* VisitLogTableViewContrller.swift */,
				4DE672181BF1916F001CB97E /* LogEditorViewController.swift */,
				4DDB31441BD8BA190030B3EE /* UINoticeTableViewController.swift */,
				4DDB31481BD8C0D70030B3EE /* UINoticeViewController.swift */,
				4DD82F991BE0B73500283945 /* PasswordViewController.swift */,
			);
			name = UserCenter;
			sourceTree = "<group>";
		};
		4DDB314B1BD8C5240030B3EE /* Product */ = {
			isa = PBXGroup;
			children = (
				4D66BB381BCF4F5F00AF5CDC /* ProductsTableViewController.swift */,
				4D784C831BE06C71006EE10B /* ProductViewController.swift */,
				4DF5FC9F1BD36AA800EBC238 /* UIProductDetailViewController.swift */,
				4DBA71B51BD489DE0031945C /* UIImagesCollectionViewContrller.swift */,
				4DBA71BD1BD4E7010031945C /* UIImagesCollectionViewContrller2.swift */,
			);
			name = Product;
			sourceTree = "<group>";
		};
/* End PBXGroup section */

/* Begin PBXNativeTarget section */
		4D66BB091BCF4E4400AF5CDC /* ProductShow */ = {
			isa = PBXNativeTarget;
			buildConfigurationList = 4D66BB2B1BCF4E4400AF5CDC /* Build configuration list for PBXNativeTarget "ProductShow" */;
			buildPhases = (
				4D66BB061BCF4E4400AF5CDC /* Sources */,
				4D66BB071BCF4E4400AF5CDC /* Frameworks */,
				4D66BB081BCF4E4400AF5CDC /* Resources */,
			);
			buildRules = (
			);
			dependencies = (
			);
			name = ProductShow;
			productName = ProductShow;
			productReference = 4D66BB0A1BCF4E4400AF5CDC /* ProductShow.app */;
			productType = "com.apple.product-type.application";
		};
		4D66BB201BCF4E4400AF5CDC /* ProductShowTests */ = {
			isa = PBXNativeTarget;
			buildConfigurationList = 4D66BB2E1BCF4E4400AF5CDC /* Build configuration list for PBXNativeTarget "ProductShowTests" */;
			buildPhases = (
				4D66BB1D1BCF4E4400AF5CDC /* Sources */,
				4D66BB1E1BCF4E4400AF5CDC /* Frameworks */,
				4D66BB1F1BCF4E4400AF5CDC /* Resources */,
			);
			buildRules = (
			);
			dependencies = (
				4D66BB231BCF4E4400AF5CDC /* PBXTargetDependency */,
			);
			name = ProductShowTests;
			productName = ProductShowTests;
			productReference = 4D66BB211BCF4E4400AF5CDC /* ProductShowTests.xctest */;
			productType = "com.apple.product-type.bundle.unit-test";
		};
/* End PBXNativeTarget section */

/* Begin PBXProject section */
		4D66BB021BCF4E4400AF5CDC /* Project object */ = {
			isa = PBXProject;
			attributes = {
				LastSwiftMigration = 0700;
				LastSwiftUpdateCheck = 0700;
				LastUpgradeCheck = 0700;
				ORGANIZATIONNAME = zhiwx;
				TargetAttributes = {
					4D66BB091BCF4E4400AF5CDC = {
						CreatedOnToolsVersion = 6.4;
						DevelopmentTeam = SW4BFK5FLN;
					};
					4D66BB201BCF4E4400AF5CDC = {
						CreatedOnToolsVersion = 6.4;
						TestTargetID = 4D66BB091BCF4E4400AF5CDC;
					};
				};
			};
			buildConfigurationList = 4D66BB051BCF4E4400AF5CDC /* Build configuration list for PBXProject "ProductShow" */;
			compatibilityVersion = "Xcode 3.2";
			developmentRegion = English;
			hasScannedForEncodings = 0;
			knownRegions = (
				en,
				Base,
			);
			mainGroup = 4D66BB011BCF4E4400AF5CDC;
			productRefGroup = 4D66BB0B1BCF4E4400AF5CDC /* Products */;
			projectDirPath = "";
			projectRoot = "";
			targets = (
				4D66BB091BCF4E4400AF5CDC /* ProductShow */,
				4D66BB201BCF4E4400AF5CDC /* ProductShowTests */,
			);
		};
/* End PBXProject section */

/* Begin PBXResourcesBuildPhase section */
		4D66BB081BCF4E4400AF5CDC /* Resources */ = {
			isa = PBXResourcesBuildPhase;
			buildActionMask = 2147483647;
			files = (
				4D66BB171BCF4E4400AF5CDC /* Main.storyboard in Resources */,
				4D1A68321BF1DBD3003C8162 /* ProductAndRemarkTableViewCell.xib in Resources */,
				4DE672171BF18B21001CB97E /* BasicTableViewCell.xib in Resources */,
				4D66BB551BCF4FDA00AF5CDC /* ProductTableViewCell.xib in Resources */,
				4D66BB1C1BCF4E4400AF5CDC /* LaunchScreen.xib in Resources */,
				4D66BB191BCF4E4400AF5CDC /* Images.xcassets in Resources */,
				4DBC65531BE1068800FF4C6A /* CommonTableViewCell.xib in Resources */,
				4DBFC91D1BD1E15B0076123D /* userinfo.json in Resources */,
			);
			runOnlyForDeploymentPostprocessing = 0;
		};
		4D66BB1F1BCF4E4400AF5CDC /* Resources */ = {
			isa = PBXResourcesBuildPhase;
			buildActionMask = 2147483647;
			files = (
			);
			runOnlyForDeploymentPostprocessing = 0;
		};
/* End PBXResourcesBuildPhase section */

/* Begin PBXSourcesBuildPhase section */
		4D66BB061BCF4E4400AF5CDC /* Sources */ = {
			isa = PBXSourcesBuildPhase;
			buildActionMask = 2147483647;
			files = (
				4DE672191BF1916F001CB97E /* LogEditorViewController.swift in Sources */,
				4D66BB3F1BCF4F5F00AF5CDC /* FirstPageViewController.swift in Sources */,
				4D66BB421BCF4F5F00AF5CDC /* HotProductsTableViewController.swift in Sources */,
				4DBC65551BE1094100FF4C6A /* CommonTableViewCell.swift in Sources */,
				4D66BB541BCF4FDA00AF5CDC /* ProductTableViewCell.swift in Sources */,
				4D55D6C91BE9FF74006D85AF /* NSDateExtension.swift in Sources */,
				4DDB31451BD8BA190030B3EE /* UINoticeTableViewController.swift in Sources */,
				4DE672151BF18A63001CB97E /* BasicTableViewCell.swift in Sources */,
				4DBA71BE1BD4E7010031945C /* UIImagesCollectionViewContrller2.swift in Sources */,
				4DF5FCA01BD36AA800EBC238 /* UIProductDetailViewController.swift in Sources */,
				4D784C841BE06C71006EE10B /* ProductViewController.swift in Sources */,
				4DDB313D1BD87E0B0030B3EE /* UICustomersTableViewController.swift in Sources */,
				4DD82F9E1BE0CBA000283945 /* Log.swift in Sources */,
				4D66BB461BCF4F5F00AF5CDC /* TabNavigationController.swift in Sources */,
				4D66BB101BCF4E4400AF5CDC /* AppDelegate.swift in Sources */,
				4DDB31431BD893D50030B3EE /* ReturnDic.swift in Sources */,
				4DDB313F1BD87E5E0030B3EE /* Customer.swift in Sources */,
				4DBA71B61BD489DE0031945C /* UIImagesCollectionViewContrller.swift in Sources */,
				4D66BB4D1BCF4F7E00AF5CDC /* WebApi.swift in Sources */,
				4D5ED5701BDFB10900D2DD77 /* Categories1CollectionViewController.swift in Sources */,
				4DBA71BC1BD4C0BA0031945C /* Product.swift in Sources */,
				4DBFC9201BD1EFA80076123D /* PhotoUtil.swift in Sources */,
				4DDB31471BD8BA3F0030B3EE /* Notice.swift in Sources */,
				4DD82F9C1BE0C61100283945 /* VisitLogTableViewContrller.swift in Sources */,
				4D5ED5741BDFB3E000D2DD77 /* Category.swift in Sources */,
				4D1A68341BF1DBFA003C8162 /* ProductAndRemarkTableViewCell.swift in Sources */,
				4D5ED56E1BDF9F3900D2DD77 /* UIDeviceExtension.swift in Sources */,
				4DBFC9221BD24F300076123D /* UserInfo.swift in Sources */,
				4D95CB331BCF8ED800E10FD3 /* Cart.swift in Sources */,
				4DD472561BD1453900626143 /* Order.swift in Sources */,
				4D66BB411BCF4F5F00AF5CDC /* HomeTabBarViewController.swift in Sources */,
				4D66BB4C1BCF4F7E00AF5CDC /* JsonField.swift in Sources */,
				4DDB31491BD8C0D70030B3EE /* UINoticeViewController.swift in Sources */,
				4DD82F9A1BE0B73500283945 /* PasswordViewController.swift in Sources */,
				4D95CB311BCF85E600E10FD3 /* UIViewControllerExtension.swift in Sources */,
				4D66BB481BCF4F5F00AF5CDC /* UserCenterTableViewController.swift in Sources */,
				4D66BB441BCF4F5F00AF5CDC /* ProductsTableViewController.swift in Sources */,
				4D66BB651BCF519A00AF5CDC /* NSString+MessageDigest.m in Sources */,
				4D5ED5721BDFB15C00D2DD77 /* Categories2CollectionViewContrller.swift in Sources */,
				4D95CB351BCF9A6700E10FD3 /* CartTableViewController.swift in Sources */,
				4DBD0E6A1BD612F00090DFAC /* UploadFile.m in Sources */,
				4D66BB501BCF4FB600AF5CDC /* StringExtension.swift in Sources */,
				4D66BB431BCF4F5F00AF5CDC /* LoginViewController.swift in Sources */,
				4DBA71BA1BD49EB50031945C /* ProductFile.swift in Sources */,
				4D66BB451BCF4F5F00AF5CDC /* SearchProductsViewController.swift in Sources */,
				4D6CFD1A1BE8F93F00DEB5E6 /* AllUrl.swift in Sources */,
				4D81BFC91BD0D96A00B1AA34 /* OrderDetailTableViewController.swift in Sources */,
				4D81BFCB1BD0E73200B1AA34 /* MyOrdersTableViewController.swift in Sources */,
				4D66BB401BCF4F5F00AF5CDC /* Global.swift in Sources */,
			);
			runOnlyForDeploymentPostprocessing = 0;
		};
		4D66BB1D1BCF4E4400AF5CDC /* Sources */ = {
			isa = PBXSourcesBuildPhase;
			buildActionMask = 2147483647;
			files = (
				4D66BB281BCF4E4400AF5CDC /* ProductShowTests.swift in Sources */,
			);
			runOnlyForDeploymentPostprocessing = 0;
		};
/* End PBXSourcesBuildPhase section */

/* Begin PBXTargetDependency section */
		4D66BB231BCF4E4400AF5CDC /* PBXTargetDependency */ = {
			isa = PBXTargetDependency;
			target = 4D66BB091BCF4E4400AF5CDC /* ProductShow */;
			targetProxy = 4D66BB221BCF4E4400AF5CDC /* PBXContainerItemProxy */;
		};
/* End PBXTargetDependency section */

/* Begin PBXVariantGroup section */
		4D66BB151BCF4E4400AF5CDC /* Main.storyboard */ = {
			isa = PBXVariantGroup;
			children = (
				4D66BB161BCF4E4400AF5CDC /* Base */,
			);
			name = Main.storyboard;
			sourceTree = "<group>";
		};
		4D66BB1A1BCF4E4400AF5CDC /* LaunchScreen.xib */ = {
			isa = PBXVariantGroup;
			children = (
				4D66BB1B1BCF4E4400AF5CDC /* Base */,
			);
			name = LaunchScreen.xib;
			sourceTree = "<group>";
		};
/* End PBXVariantGroup section */

/* Begin XCBuildConfiguration section */
		4D66BB291BCF4E4400AF5CDC /* Debug */ = {
			isa = XCBuildConfiguration;
			buildSettings = {
				ALWAYS_SEARCH_USER_PATHS = NO;
				CLANG_CXX_LANGUAGE_STANDARD = "gnu++0x";
				CLANG_CXX_LIBRARY = "libc++";
				CLANG_ENABLE_MODULES = YES;
				CLANG_ENABLE_OBJC_ARC = YES;
				CLANG_WARN_BOOL_CONVERSION = YES;
				CLANG_WARN_CONSTANT_CONVERSION = YES;
				CLANG_WARN_DIRECT_OBJC_ISA_USAGE = YES_ERROR;
				CLANG_WARN_EMPTY_BODY = YES;
				CLANG_WARN_ENUM_CONVERSION = YES;
				CLANG_WARN_INT_CONVERSION = YES;
				CLANG_WARN_OBJC_ROOT_CLASS = YES_ERROR;
				CLANG_WARN_UNREACHABLE_CODE = YES;
				CLANG_WARN__DUPLICATE_METHOD_MATCH = YES;
				"CODE_SIGN_IDENTITY[sdk=iphoneos*]" = "iPhone Developer";
				COPY_PHASE_STRIP = NO;
				DEBUG_INFORMATION_FORMAT = "dwarf-with-dsym";
				ENABLE_STRICT_OBJC_MSGSEND = YES;
				ENABLE_TESTABILITY = YES;
				GCC_C_LANGUAGE_STANDARD = gnu99;
				GCC_DYNAMIC_NO_PIC = NO;
				GCC_NO_COMMON_BLOCKS = YES;
				GCC_OPTIMIZATION_LEVEL = 0;
				GCC_PREPROCESSOR_DEFINITIONS = (
					"DEBUG=1",
					"$(inherited)",
				);
				GCC_SYMBOLS_PRIVATE_EXTERN = NO;
				GCC_WARN_64_TO_32_BIT_CONVERSION = YES;
				GCC_WARN_ABOUT_RETURN_TYPE = YES_ERROR;
				GCC_WARN_UNDECLARED_SELECTOR = YES;
				GCC_WARN_UNINITIALIZED_AUTOS = YES_AGGRESSIVE;
				GCC_WARN_UNUSED_FUNCTION = YES;
				GCC_WARN_UNUSED_VARIABLE = YES;
				IPHONEOS_DEPLOYMENT_TARGET = 7.0;
				MTL_ENABLE_DEBUG_INFO = YES;
				ONLY_ACTIVE_ARCH = YES;
				SDKROOT = iphoneos;
				SWIFT_OPTIMIZATION_LEVEL = "-Onone";
				TARGETED_DEVICE_FAMILY = "1,2";
			};
			name = Debug;
		};
		4D66BB2A1BCF4E4400AF5CDC /* Release */ = {
			isa = XCBuildConfiguration;
			buildSettings = {
				ALWAYS_SEARCH_USER_PATHS = NO;
				CLANG_CXX_LANGUAGE_STANDARD = "gnu++0x";
				CLANG_CXX_LIBRARY = "libc++";
				CLANG_ENABLE_MODULES = YES;
				CLANG_ENABLE_OBJC_ARC = YES;
				CLANG_WARN_BOOL_CONVERSION = YES;
				CLANG_WARN_CONSTANT_CONVERSION = YES;
				CLANG_WARN_DIRECT_OBJC_ISA_USAGE = YES_ERROR;
				CLANG_WARN_EMPTY_BODY = YES;
				CLANG_WARN_ENUM_CONVERSION = YES;
				CLANG_WARN_INT_CONVERSION = YES;
				CLANG_WARN_OBJC_ROOT_CLASS = YES_ERROR;
				CLANG_WARN_UNREACHABLE_CODE = YES;
				CLANG_WARN__DUPLICATE_METHOD_MATCH = YES;
				"CODE_SIGN_IDENTITY[sdk=iphoneos*]" = "iPhone Developer";
				COPY_PHASE_STRIP = NO;
				DEBUG_INFORMATION_FORMAT = "dwarf-with-dsym";
				ENABLE_NS_ASSERTIONS = NO;
				ENABLE_STRICT_OBJC_MSGSEND = YES;
				GCC_C_LANGUAGE_STANDARD = gnu99;
				GCC_NO_COMMON_BLOCKS = YES;
				GCC_WARN_64_TO_32_BIT_CONVERSION = YES;
				GCC_WARN_ABOUT_RETURN_TYPE = YES_ERROR;
				GCC_WARN_UNDECLARED_SELECTOR = YES;
				GCC_WARN_UNINITIALIZED_AUTOS = YES_AGGRESSIVE;
				GCC_WARN_UNUSED_FUNCTION = YES;
				GCC_WARN_UNUSED_VARIABLE = YES;
				IPHONEOS_DEPLOYMENT_TARGET = 7.0;
				MTL_ENABLE_DEBUG_INFO = NO;
				SDKROOT = iphoneos;
				TARGETED_DEVICE_FAMILY = "1,2";
				VALIDATE_PRODUCT = YES;
			};
			name = Release;
		};
		4D66BB2C1BCF4E4400AF5CDC /* Debug */ = {
			isa = XCBuildConfiguration;
			buildSettings = {
				ASSETCATALOG_COMPILER_APPICON_NAME = AppIcon;
				CLANG_ENABLE_MODULES = YES;
				CODE_SIGN_IDENTITY = "iPhone Developer";
				INFOPLIST_FILE = ProductShow/Info.plist;
				LD_RUNPATH_SEARCH_PATHS = "$(inherited) @executable_path/Frameworks";
				PRODUCT_BUNDLE_IDENTIFIER = com.zhiwx.ProductShow;
				PRODUCT_NAME = "$(TARGET_NAME)";
				SWIFT_OBJC_BRIDGING_HEADER = "ProductShow/ProductShow-Bridging-Header.h";
				SWIFT_OPTIMIZATION_LEVEL = "-Onone";
				TARGETED_DEVICE_FAMILY = 2;
			};
			name = Debug;
		};
		4D66BB2D1BCF4E4400AF5CDC /* Release */ = {
			isa = XCBuildConfiguration;
			buildSettings = {
				ASSETCATALOG_COMPILER_APPICON_NAME = AppIcon;
				CLANG_ENABLE_MODULES = YES;
				CODE_SIGN_IDENTITY = "iPhone Developer";
				INFOPLIST_FILE = ProductShow/Info.plist;
				LD_RUNPATH_SEARCH_PATHS = "$(inherited) @executable_path/Frameworks";
				PRODUCT_BUNDLE_IDENTIFIER = com.zhiwx.ProductShow;
				PRODUCT_NAME = "$(TARGET_NAME)";
				SWIFT_OBJC_BRIDGING_HEADER = "ProductShow/ProductShow-Bridging-Header.h";
				TARGETED_DEVICE_FAMILY = 2;
			};
			name = Release;
		};
		4D66BB2F1BCF4E4400AF5CDC /* Debug */ = {
			isa = XCBuildConfiguration;
			buildSettings = {
				BUNDLE_LOADER = "$(TEST_HOST)";
				FRAMEWORK_SEARCH_PATHS = (
					"$(SDKROOT)/Developer/Library/Frameworks",
					"$(inherited)",
				);
				GCC_PREPROCESSOR_DEFINITIONS = (
					"DEBUG=1",
					"$(inherited)",
				);
				INFOPLIST_FILE = ProductShowTests/Info.plist;
				LD_RUNPATH_SEARCH_PATHS = "$(inherited) @executable_path/Frameworks @loader_path/Frameworks";
				PRODUCT_BUNDLE_IDENTIFIER = "com.gaozgao.$(PRODUCT_NAME:rfc1034identifier)";
				PRODUCT_NAME = "$(TARGET_NAME)";
				TEST_HOST = "$(BUILT_PRODUCTS_DIR)/ProductShow.app/ProductShow";
			};
			name = Debug;
		};
		4D66BB301BCF4E4400AF5CDC /* Release */ = {
			isa = XCBuildConfiguration;
			buildSettings = {
				BUNDLE_LOADER = "$(TEST_HOST)";
				FRAMEWORK_SEARCH_PATHS = (
					"$(SDKROOT)/Developer/Library/Frameworks",
					"$(inherited)",
				);
				INFOPLIST_FILE = ProductShowTests/Info.plist;
				LD_RUNPATH_SEARCH_PATHS = "$(inherited) @executable_path/Frameworks @loader_path/Frameworks";
				PRODUCT_BUNDLE_IDENTIFIER = "com.gaozgao.$(PRODUCT_NAME:rfc1034identifier)";
				PRODUCT_NAME = "$(TARGET_NAME)";
				TEST_HOST = "$(BUILT_PRODUCTS_DIR)/ProductShow.app/ProductShow";
			};
			name = Release;
		};
/* End XCBuildConfiguration section */

/* Begin XCConfigurationList section */
		4D66BB051BCF4E4400AF5CDC /* Build configuration list for PBXProject "ProductShow" */ = {
			isa = XCConfigurationList;
			buildConfigurations = (
				4D66BB291BCF4E4400AF5CDC /* Debug */,
				4D66BB2A1BCF4E4400AF5CDC /* Release */,
			);
			defaultConfigurationIsVisible = 0;
			defaultConfigurationName = Release;
		};
		4D66BB2B1BCF4E4400AF5CDC /* Build configuration list for PBXNativeTarget "ProductShow" */ = {
			isa = XCConfigurationList;
			buildConfigurations = (
				4D66BB2C1BCF4E4400AF5CDC /* Debug */,
				4D66BB2D1BCF4E4400AF5CDC /* Release */,
			);
			defaultConfigurationIsVisible = 0;
			defaultConfigurationName = Release;
		};
		4D66BB2E1BCF4E4400AF5CDC /* Build configuration list for PBXNativeTarget "ProductShowTests" */ = {
			isa = XCConfigurationList;
			buildConfigurations = (
				4D66BB2F1BCF4E4400AF5CDC /* Debug */,
				4D66BB301BCF4E4400AF5CDC /* Release */,
			);
			defaultConfigurationIsVisible = 0;
			defaultConfigurationName = Release;
		};
/* End XCConfigurationList section */
	};
	rootObject = 4D66BB021BCF4E4400AF5CDC /* Project object */;
}
