// !$*UTF8*$!
{
	archiveVersion = 1;
	classes = {
	};
	objectVersion = 46;
	objects = {

/* Begin PBXBuildFile section */
		4D66BB101BCF4E4400AF5CDC /* AppDelegate.swift in Sources */ = {isa = PBXBuildFile; fileRef = 4D66BB0F1BCF4E4400AF5CDC /* AppDelegate.swift */; };
		4D66BB171BCF4E4400AF5CDC /* Main.storyboard in Resources */ = {isa = PBXBuildFile; fileRef = 4D66BB151BCF4E4400AF5CDC /* Main.storyboard */; };
		4D66BB191BCF4E4400AF5CDC /* Images.xcassets in Resources */ = {isa = PBXBuildFile; fileRef = 4D66BB181BCF4E4400AF5CDC /* Images.xcassets */; };
		4D66BB1C1BCF4E4400AF5CDC /* LaunchScreen.xib in Resources */ = {isa = PBXBuildFile; fileRef = 4D66BB1A1BCF4E4400AF5CDC /* LaunchScreen.xib */; };
		4D66BB281BCF4E4400AF5CDC /* ProductShowTests.swift in Sources */ = {isa = PBXBuildFile; fileRef = 4D66BB271BCF4E4400AF5CDC /* ProductShowTests.swift */; };
		4D66BB3D1BCF4F5F00AF5CDC /* CategoriesTableViewController.swift in Sources */ = {isa = PBXBuildFile; fileRef = 4D66BB311BCF4F5F00AF5CDC /* CategoriesTableViewController.swift */; };
		4D66BB3E1BCF4F5F00AF5CDC /* CategoriesTableViewController2.swift in Sources */ = {isa = PBXBuildFile; fileRef = 4D66BB321BCF4F5F00AF5CDC /* CategoriesTableViewController2.swift */; };
		4D66BB3F1BCF4F5F00AF5CDC /* FirstPageViewController.swift in Sources */ = {isa = PBXBuildFile; fileRef = 4D66BB331BCF4F5F00AF5CDC /* FirstPageViewController.swift */; };
		4D66BB401BCF4F5F00AF5CDC /* Global.swift in Sources */ = {isa = PBXBuildFile; fileRef = 4D66BB341BCF4F5F00AF5CDC /* Global.swift */; };
		4D66BB411BCF4F5F00AF5CDC /* HomeTabBarViewController.swift in Sources */ = {isa = PBXBuildFile; fileRef = 4D66BB351BCF4F5F00AF5CDC /* HomeTabBarViewController.swift */; };
		4D66BB421BCF4F5F00AF5CDC /* HotProductsTableViewController.swift in Sources */ = {isa = PBXBuildFile; fileRef = 4D66BB361BCF4F5F00AF5CDC /* HotProductsTableViewController.swift */; };
		4D66BB431BCF4F5F00AF5CDC /* LoginViewController.swift in Sources */ = {isa = PBXBuildFile; fileRef = 4D66BB371BCF4F5F00AF5CDC /* LoginViewController.swift */; };
		4D66BB441BCF4F5F00AF5CDC /* ProductsTableViewController.swift in Sources */ = {isa = PBXBuildFile; fileRef = 4D66BB381BCF4F5F00AF5CDC /* ProductsTableViewController.swift */; };
		4D66BB451BCF4F5F00AF5CDC /* SearchProductsViewController.swift in Sources */ = {isa = PBXBuildFile; fileRef = 4D66BB391BCF4F5F00AF5CDC /* SearchProductsViewController.swift */; };
		4D66BB461BCF4F5F00AF5CDC /* TabNavigationController.swift in Sources */ = {isa = PBXBuildFile; fileRef = 4D66BB3A1BCF4F5F00AF5CDC /* TabNavigationController.swift */; };
		4D66BB471BCF4F5F00AF5CDC /* TabTableViewControllerBase.swift in Sources */ = {isa = PBXBuildFile; fileRef = 4D66BB3B1BCF4F5F00AF5CDC /* TabTableViewControllerBase.swift */; };
		4D66BB481BCF4F5F00AF5CDC /* UserCenterTableViewController.swift in Sources */ = {isa = PBXBuildFile; fileRef = 4D66BB3C1BCF4F5F00AF5CDC /* UserCenterTableViewController.swift */; };
		4D66BB4C1BCF4F7E00AF5CDC /* JsonField.swift in Sources */ = {isa = PBXBuildFile; fileRef = 4D66BB4A1BCF4F7E00AF5CDC /* JsonField.swift */; };
		4D66BB4D1BCF4F7E00AF5CDC /* WebApi.swift in Sources */ = {isa = PBXBuildFile; fileRef = 4D66BB4B1BCF4F7E00AF5CDC /* WebApi.swift */; };
		4D66BB501BCF4FB600AF5CDC /* StringExtension.swift in Sources */ = {isa = PBXBuildFile; fileRef = 4D66BB4F1BCF4FB600AF5CDC /* StringExtension.swift */; };
		4D66BB541BCF4FDA00AF5CDC /* ProductTableViewCell.swift in Sources */ = {isa = PBXBuildFile; fileRef = 4D66BB521BCF4FDA00AF5CDC /* ProductTableViewCell.swift */; };
		4D66BB551BCF4FDA00AF5CDC /* ProductTableViewCell.xib in Resources */ = {isa = PBXBuildFile; fileRef = 4D66BB531BCF4FDA00AF5CDC /* ProductTableViewCell.xib */; };
		4D66BB651BCF519A00AF5CDC /* NSString+MessageDigest.m in Sources */ = {isa = PBXBuildFile; fileRef = 4D66BB641BCF519A00AF5CDC /* NSString+MessageDigest.m */; };
		4D7EF68B1BD33A8F00CBFEFC /* UIProductTableViewController.swift in Sources */ = {isa = PBXBuildFile; fileRef = 4D7EF68A1BD33A8F00CBFEFC /* UIProductTableViewController.swift */; settings = {ASSET_TAGS = (); }; };
		4D81BFC91BD0D96A00B1AA34 /* OrderDetailTableViewController.swift in Sources */ = {isa = PBXBuildFile; fileRef = 4D81BFC81BD0D96A00B1AA34 /* OrderDetailTableViewController.swift */; settings = {ASSET_TAGS = (); }; };
		4D81BFCB1BD0E73200B1AA34 /* MyOrdersTableViewController.swift in Sources */ = {isa = PBXBuildFile; fileRef = 4D81BFCA1BD0E73200B1AA34 /* MyOrdersTableViewController.swift */; settings = {ASSET_TAGS = (); }; };
		4D95CB311BCF85E600E10FD3 /* UIViewController+FirstVCExtension.swift in Sources */ = {isa = PBXBuildFile; fileRef = 4D95CB301BCF85E600E10FD3 /* UIViewController+FirstVCExtension.swift */; settings = {ASSET_TAGS = (); }; };
		4D95CB331BCF8ED800E10FD3 /* Cart.swift in Sources */ = {isa = PBXBuildFile; fileRef = 4D95CB321BCF8ED800E10FD3 /* Cart.swift */; settings = {ASSET_TAGS = (); }; };
		4D95CB351BCF9A6700E10FD3 /* CartTableViewController.swift in Sources */ = {isa = PBXBuildFile; fileRef = 4D95CB341BCF9A6700E10FD3 /* CartTableViewController.swift */; settings = {ASSET_TAGS = (); }; };
		4DBFC91D1BD1E15B0076123D /* userinfo.json in Resources */ = {isa = PBXBuildFile; fileRef = 4DBFC91C1BD1E15B0076123D /* userinfo.json */; settings = {ASSET_TAGS = (); }; };
		4DBFC9201BD1EFA80076123D /* PhotoUtil.swift in Sources */ = {isa = PBXBuildFile; fileRef = 4DBFC91F1BD1EFA80076123D /* PhotoUtil.swift */; settings = {ASSET_TAGS = (); }; };
		4DBFC9221BD24F300076123D /* UserInfo.swift in Sources */ = {isa = PBXBuildFile; fileRef = 4DBFC9211BD24F300076123D /* UserInfo.swift */; settings = {ASSET_TAGS = (); }; };
		4DD472561BD1453900626143 /* OrderManager.swift in Sources */ = {isa = PBXBuildFile; fileRef = 4DD472551BD1453900626143 /* OrderManager.swift */; settings = {ASSET_TAGS = (); }; };
		4DF5FCA01BD36AA800EBC238 /* UIProductDetailViewController.swift in Sources */ = {isa = PBXBuildFile; fileRef = 4DF5FC9F1BD36AA800EBC238 /* UIProductDetailViewController.swift */; settings = {ASSET_TAGS = (); }; };
/* End PBXBuildFile section */

/* Begin PBXContainerItemProxy section */
		4D66BB221BCF4E4400AF5CDC /* PBXContainerItemProxy */ = {
			isa = PBXContainerItemProxy;
			containerPortal = 4D66BB021BCF4E4400AF5CDC /* Project object */;
			proxyType = 1;
			remoteGlobalIDString = 4D66BB091BCF4E4400AF5CDC;
			remoteInfo = ProductShow;
		};
/* End PBXContainerItemProxy section */

/* Begin PBXFileReference section */
		4D66BB0A1BCF4E4400AF5CDC /* ProductShow.app */ = {isa = PBXFileReference; explicitFileType = wrapper.application; includeInIndex = 0; path = ProductShow.app; sourceTree = BUILT_PRODUCTS_DIR; };
		4D66BB0E1BCF4E4400AF5CDC /* Info.plist */ = {isa = PBXFileReference; lastKnownFileType = text.plist.xml; path = Info.plist; sourceTree = "<group>"; };
		4D66BB0F1BCF4E4400AF5CDC /* AppDelegate.swift */ = {isa = PBXFileReference; lastKnownFileType = sourcecode.swift; path = AppDelegate.swift; sourceTree = "<group>"; };
		4D66BB161BCF4E4400AF5CDC /* Base */ = {isa = PBXFileReference; lastKnownFileType = file.storyboard; name = Base; path = Base.lproj/Main.storyboard; sourceTree = "<group>"; };
		4D66BB181BCF4E4400AF5CDC /* Images.xcassets */ = {isa = PBXFileReference; lastKnownFileType = folder.assetcatalog; path = Images.xcassets; sourceTree = "<group>"; };
		4D66BB1B1BCF4E4400AF5CDC /* Base */ = {isa = PBXFileReference; lastKnownFileType = file.xib; name = Base; path = Base.lproj/LaunchScreen.xib; sourceTree = "<group>"; };
		4D66BB211BCF4E4400AF5CDC /* ProductShowTests.xctest */ = {isa = PBXFileReference; explicitFileType = wrapper.cfbundle; includeInIndex = 0; path = ProductShowTests.xctest; sourceTree = BUILT_PRODUCTS_DIR; };
		4D66BB261BCF4E4400AF5CDC /* Info.plist */ = {isa = PBXFileReference; lastKnownFileType = text.plist.xml; path = Info.plist; sourceTree = "<group>"; };
		4D66BB271BCF4E4400AF5CDC /* ProductShowTests.swift */ = {isa = PBXFileReference; lastKnownFileType = sourcecode.swift; path = ProductShowTests.swift; sourceTree = "<group>"; };
		4D66BB311BCF4F5F00AF5CDC /* CategoriesTableViewController.swift */ = {isa = PBXFileReference; fileEncoding = 4; lastKnownFileType = sourcecode.swift; path = CategoriesTableViewController.swift; sourceTree = "<group>"; };
		4D66BB321BCF4F5F00AF5CDC /* CategoriesTableViewController2.swift */ = {isa = PBXFileReference; fileEncoding = 4; lastKnownFileType = sourcecode.swift; path = CategoriesTableViewController2.swift; sourceTree = "<group>"; };
		4D66BB331BCF4F5F00AF5CDC /* FirstPageViewController.swift */ = {isa = PBXFileReference; fileEncoding = 4; lastKnownFileType = sourcecode.swift; path = FirstPageViewController.swift; sourceTree = "<group>"; };
		4D66BB341BCF4F5F00AF5CDC /* Global.swift */ = {isa = PBXFileReference; fileEncoding = 4; lastKnownFileType = sourcecode.swift; path = Global.swift; sourceTree = "<group>"; };
		4D66BB351BCF4F5F00AF5CDC /* HomeTabBarViewController.swift */ = {isa = PBXFileReference; fileEncoding = 4; lastKnownFileType = sourcecode.swift; path = HomeTabBarViewController.swift; sourceTree = "<group>"; };
		4D66BB361BCF4F5F00AF5CDC /* HotProductsTableViewController.swift */ = {isa = PBXFileReference; fileEncoding = 4; lastKnownFileType = sourcecode.swift; path = HotProductsTableViewController.swift; sourceTree = "<group>"; };
		4D66BB371BCF4F5F00AF5CDC /* LoginViewController.swift */ = {isa = PBXFileReference; fileEncoding = 4; lastKnownFileType = sourcecode.swift; path = LoginViewController.swift; sourceTree = "<group>"; };
		4D66BB381BCF4F5F00AF5CDC /* ProductsTableViewController.swift */ = {isa = PBXFileReference; fileEncoding = 4; lastKnownFileType = sourcecode.swift; path = ProductsTableViewController.swift; sourceTree = "<group>"; };
		4D66BB391BCF4F5F00AF5CDC /* SearchProductsViewController.swift */ = {isa = PBXFileReference; fileEncoding = 4; lastKnownFileType = sourcecode.swift; path = SearchProductsViewController.swift; sourceTree = "<group>"; };
		4D66BB3A1BCF4F5F00AF5CDC /* TabNavigationController.swift */ = {isa = PBXFileReference; fileEncoding = 4; lastKnownFileType = sourcecode.swift; path = TabNavigationController.swift; sourceTree = "<group>"; };
		4D66BB3B1BCF4F5F00AF5CDC /* TabTableViewControllerBase.swift */ = {isa = PBXFileReference; fileEncoding = 4; lastKnownFileType = sourcecode.swift; path = TabTableViewControllerBase.swift; sourceTree = "<group>"; };
		4D66BB3C1BCF4F5F00AF5CDC /* UserCenterTableViewController.swift */ = {isa = PBXFileReference; fileEncoding = 4; lastKnownFileType = sourcecode.swift; path = UserCenterTableViewController.swift; sourceTree = "<group>"; };
		4D66BB4A1BCF4F7E00AF5CDC /* JsonField.swift */ = {isa = PBXFileReference; fileEncoding = 4; lastKnownFileType = sourcecode.swift; path = JsonField.swift; sourceTree = "<group>"; };
		4D66BB4B1BCF4F7E00AF5CDC /* WebApi.swift */ = {isa = PBXFileReference; fileEncoding = 4; lastKnownFileType = sourcecode.swift; path = WebApi.swift; sourceTree = "<group>"; };
		4D66BB4F1BCF4FB600AF5CDC /* StringExtension.swift */ = {isa = PBXFileReference; fileEncoding = 4; lastKnownFileType = sourcecode.swift; path = StringExtension.swift; sourceTree = "<group>"; };
		4D66BB521BCF4FDA00AF5CDC /* ProductTableViewCell.swift */ = {isa = PBXFileReference; fileEncoding = 4; lastKnownFileType = sourcecode.swift; path = ProductTableViewCell.swift; sourceTree = "<group>"; };
		4D66BB531BCF4FDA00AF5CDC /* ProductTableViewCell.xib */ = {isa = PBXFileReference; fileEncoding = 4; lastKnownFileType = file.xib; path = ProductTableViewCell.xib; sourceTree = "<group>"; };
		4D66BB5E1BCF515B00AF5CDC /* ProductShow-Bridging-Header.h */ = {isa = PBXFileReference; lastKnownFileType = sourcecode.c.h; path = "ProductShow-Bridging-Header.h"; sourceTree = "<group>"; };
		4D66BB631BCF519A00AF5CDC /* NSString+MessageDigest.h */ = {isa = PBXFileReference; fileEncoding = 4; lastKnownFileType = sourcecode.c.h; path = "NSString+MessageDigest.h"; sourceTree = "<group>"; };
		4D66BB641BCF519A00AF5CDC /* NSString+MessageDigest.m */ = {isa = PBXFileReference; fileEncoding = 4; lastKnownFileType = sourcecode.c.objc; path = "NSString+MessageDigest.m"; sourceTree = "<group>"; };
		4D7EF68A1BD33A8F00CBFEFC /* UIProductTableViewController.swift */ = {isa = PBXFileReference; fileEncoding = 4; lastKnownFileType = sourcecode.swift; path = UIProductTableViewController.swift; sourceTree = "<group>"; };
		4D81BFC81BD0D96A00B1AA34 /* OrderDetailTableViewController.swift */ = {isa = PBXFileReference; fileEncoding = 4; lastKnownFileType = sourcecode.swift; path = OrderDetailTableViewController.swift; sourceTree = "<group>"; };
		4D81BFCA1BD0E73200B1AA34 /* MyOrdersTableViewController.swift */ = {isa = PBXFileReference; fileEncoding = 4; lastKnownFileType = sourcecode.swift; path = MyOrdersTableViewController.swift; sourceTree = "<group>"; };
		4D95CB301BCF85E600E10FD3 /* UIViewController+FirstVCExtension.swift */ = {isa = PBXFileReference; fileEncoding = 4; lastKnownFileType = sourcecode.swift; path = "UIViewController+FirstVCExtension.swift"; sourceTree = "<group>"; };
		4D95CB321BCF8ED800E10FD3 /* Cart.swift */ = {isa = PBXFileReference; fileEncoding = 4; lastKnownFileType = sourcecode.swift; path = Cart.swift; sourceTree = "<group>"; };
		4D95CB341BCF9A6700E10FD3 /* CartTableViewController.swift */ = {isa = PBXFileReference; fileEncoding = 4; lastKnownFileType = sourcecode.swift; path = CartTableViewController.swift; sourceTree = "<group>"; };
		4DBFC91C1BD1E15B0076123D /* userinfo.json */ = {isa = PBXFileReference; fileEncoding = 4; lastKnownFileType = text.json; path = userinfo.json; sourceTree = "<group>"; };
		4DBFC91F1BD1EFA80076123D /* PhotoUtil.swift */ = {isa = PBXFileReference; fileEncoding = 4; lastKnownFileType = sourcecode.swift; path = PhotoUtil.swift; sourceTree = "<group>"; };
		4DBFC9211BD24F300076123D /* UserInfo.swift */ = {isa = PBXFileReference; fileEncoding = 4; lastKnownFileType = sourcecode.swift; path = UserInfo.swift; sourceTree = "<group>"; };
		4DD472551BD1453900626143 /* OrderManager.swift */ = {isa = PBXFileReference; fileEncoding = 4; lastKnownFileType = sourcecode.swift; path = OrderManager.swift; sourceTree = "<group>"; };
		4DF5FC9F1BD36AA800EBC238 /* UIProductDetailViewController.swift */ = {isa = PBXFileReference; fileEncoding = 4; lastKnownFileType = sourcecode.swift; path = UIProductDetailViewController.swift; sourceTree = "<group>"; };
/* End PBXFileReference section */

/* Begin PBXFrameworksBuildPhase section */
		4D66BB071BCF4E4400AF5CDC /* Frameworks */ = {
			isa = PBXFrameworksBuildPhase;
			buildActionMask = 2147483647;
			files = (
			);
			runOnlyForDeploymentPostprocessing = 0;
		};
		4D66BB1E1BCF4E4400AF5CDC /* Frameworks */ = {
			isa = PBXFrameworksBuildPhase;
			buildActionMask = 2147483647;
			files = (
			);
			runOnlyForDeploymentPostprocessing = 0;
		};
/* End PBXFrameworksBuildPhase section */

/* Begin PBXGroup section */
		4D66BB011BCF4E4400AF5CDC = {
			isa = PBXGroup;
			children = (
				4D66BB0C1BCF4E4400AF5CDC /* ProductShow */,
				4D66BB241BCF4E4400AF5CDC /* ProductShowTests */,
				4D66BB0B1BCF4E4400AF5CDC /* Products */,
			);
			sourceTree = "<group>";
		};
		4D66BB0B1BCF4E4400AF5CDC /* Products */ = {
			isa = PBXGroup;
			children = (
				4D66BB0A1BCF4E4400AF5CDC /* ProductShow.app */,
				4D66BB211BCF4E4400AF5CDC /* ProductShowTests.xctest */,
			);
			name = Products;
			sourceTree = "<group>";
		};
		4D66BB0C1BCF4E4400AF5CDC /* ProductShow */ = {
			isa = PBXGroup;
			children = (
				4DBFC91E1BD1EB580076123D /* Util */,
				4D66BB621BCF519A00AF5CDC /* Objc */,
				4D66BB511BCF4FDA00AF5CDC /* Cell */,
				4D66BB4E1BCF4FB600AF5CDC /* extension */,
				4D66BB491BCF4F7E00AF5CDC /* WebApi */,
				4D66BB311BCF4F5F00AF5CDC /* CategoriesTableViewController.swift */,
				4D66BB321BCF4F5F00AF5CDC /* CategoriesTableViewController2.swift */,
				4D66BB331BCF4F5F00AF5CDC /* FirstPageViewController.swift */,
				4D66BB351BCF4F5F00AF5CDC /* HomeTabBarViewController.swift */,
				4D66BB361BCF4F5F00AF5CDC /* HotProductsTableViewController.swift */,
				4D66BB371BCF4F5F00AF5CDC /* LoginViewController.swift */,
				4D66BB381BCF4F5F00AF5CDC /* ProductsTableViewController.swift */,
				4D66BB391BCF4F5F00AF5CDC /* SearchProductsViewController.swift */,
				4D66BB3A1BCF4F5F00AF5CDC /* TabNavigationController.swift */,
				4D66BB3B1BCF4F5F00AF5CDC /* TabTableViewControllerBase.swift */,
				4D66BB3C1BCF4F5F00AF5CDC /* UserCenterTableViewController.swift */,
				4D95CB341BCF9A6700E10FD3 /* CartTableViewController.swift */,
				4D81BFCA1BD0E73200B1AA34 /* MyOrdersTableViewController.swift */,
				4D81BFC81BD0D96A00B1AA34 /* OrderDetailTableViewController.swift */,
				4D7EF68A1BD33A8F00CBFEFC /* UIProductTableViewController.swift */,
				4DF5FC9F1BD36AA800EBC238 /* UIProductDetailViewController.swift */,
				4D66BB0F1BCF4E4400AF5CDC /* AppDelegate.swift */,
				4D66BB151BCF4E4400AF5CDC /* Main.storyboard */,
				4D66BB181BCF4E4400AF5CDC /* Images.xcassets */,
				4D66BB1A1BCF4E4400AF5CDC /* LaunchScreen.xib */,
				4D66BB0D1BCF4E4400AF5CDC /* Supporting Files */,
				4D66BB5E1BCF515B00AF5CDC /* ProductShow-Bridging-Header.h */,
				4DBFC91C1BD1E15B0076123D /* userinfo.json */,
			);
			path = ProductShow;
			sourceTree = "<group>";
		};
		4D66BB0D1BCF4E4400AF5CDC /* Supporting Files */ = {
			isa = PBXGroup;
			children = (
				4D66BB0E1BCF4E4400AF5CDC /* Info.plist */,
			);
			name = "Supporting Files";
			sourceTree = "<group>";
		};
		4D66BB241BCF4E4400AF5CDC /* ProductShowTests */ = {
			isa = PBXGroup;
			children = (
				4D66BB271BCF4E4400AF5CDC /* ProductShowTests.swift */,
				4D66BB251BCF4E4400AF5CDC /* Supporting Files */,
			);
			path = ProductShowTests;
			sourceTree = "<group>";
		};
		4D66BB251BCF4E4400AF5CDC /* Supporting Files */ = {
			isa = PBXGroup;
			children = (
				4D66BB261BCF4E4400AF5CDC /* Info.plist */,
			);
			name = "Supporting Files";
			sourceTree = "<group>";
		};
		4D66BB491BCF4F7E00AF5CDC /* WebApi */ = {
			isa = PBXGroup;
			children = (
				4D66BB4A1BCF4F7E00AF5CDC /* JsonField.swift */,
				4D66BB4B1BCF4F7E00AF5CDC /* WebApi.swift */,
			);
			path = WebApi;
			sourceTree = "<group>";
		};
		4D66BB4E1BCF4FB600AF5CDC /* extension */ = {
			isa = PBXGroup;
			children = (
				4D66BB4F1BCF4FB600AF5CDC /* StringExtension.swift */,
				4D95CB301BCF85E600E10FD3 /* UIViewController+FirstVCExtension.swift */,
			);
			path = extension;
			sourceTree = "<group>";
		};
		4D66BB511BCF4FDA00AF5CDC /* Cell */ = {
			isa = PBXGroup;
			children = (
				4D66BB521BCF4FDA00AF5CDC /* ProductTableViewCell.swift */,
				4D66BB531BCF4FDA00AF5CDC /* ProductTableViewCell.xib */,
			);
			path = Cell;
			sourceTree = "<group>";
		};
		4D66BB621BCF519A00AF5CDC /* Objc */ = {
			isa = PBXGroup;
			children = (
				4D66BB631BCF519A00AF5CDC /* NSString+MessageDigest.h */,
				4D66BB641BCF519A00AF5CDC /* NSString+MessageDigest.m */,
			);
			path = Objc;
			sourceTree = "<group>";
		};
		4DBFC91E1BD1EB580076123D /* Util */ = {
			isa = PBXGroup;
			children = (
				4D95CB321BCF8ED800E10FD3 /* Cart.swift */,
				4DD472551BD1453900626143 /* OrderManager.swift */,
				4DBFC91F1BD1EFA80076123D /* PhotoUtil.swift */,
				4DBFC9211BD24F300076123D /* UserInfo.swift */,
				4D66BB341BCF4F5F00AF5CDC /* Global.swift */,
			);
			name = Util;
			sourceTree = "<group>";
		};
/* End PBXGroup section */

/* Begin PBXNativeTarget section */
		4D66BB091BCF4E4400AF5CDC /* ProductShow */ = {
			isa = PBXNativeTarget;
			buildConfigurationList = 4D66BB2B1BCF4E4400AF5CDC /* Build configuration list for PBXNativeTarget "ProductShow" */;
			buildPhases = (
				4D66BB061BCF4E4400AF5CDC /* Sources */,
				4D66BB071BCF4E4400AF5CDC /* Frameworks */,
				4D66BB081BCF4E4400AF5CDC /* Resources */,
			);
			buildRules = (
			);
			dependencies = (
			);
			name = ProductShow;
			productName = ProductShow;
			productReference = 4D66BB0A1BCF4E4400AF5CDC /* ProductShow.app */;
			productType = "com.apple.product-type.application";
		};
		4D66BB201BCF4E4400AF5CDC /* ProductShowTests */ = {
			isa = PBXNativeTarget;
			buildConfigurationList = 4D66BB2E1BCF4E4400AF5CDC /* Build configuration list for PBXNativeTarget "ProductShowTests" */;
			buildPhases = (
				4D66BB1D1BCF4E4400AF5CDC /* Sources */,
				4D66BB1E1BCF4E4400AF5CDC /* Frameworks */,
				4D66BB1F1BCF4E4400AF5CDC /* Resources */,
			);
			buildRules = (
			);
			dependencies = (
				4D66BB231BCF4E4400AF5CDC /* PBXTargetDependency */,
			);
			name = ProductShowTests;
			productName = ProductShowTests;
			productReference = 4D66BB211BCF4E4400AF5CDC /* ProductShowTests.xctest */;
			productType = "com.apple.product-type.bundle.unit-test";
		};
/* End PBXNativeTarget section */

/* Begin PBXProject section */
		4D66BB021BCF4E4400AF5CDC /* Project object */ = {
			isa = PBXProject;
			attributes = {
				LastSwiftMigration = 0700;
				LastSwiftUpdateCheck = 0700;
				LastUpgradeCheck = 0700;
				ORGANIZATIONNAME = gaozgao;
				TargetAttributes = {
					4D66BB091BCF4E4400AF5CDC = {
						CreatedOnToolsVersion = 6.4;
					};
					4D66BB201BCF4E4400AF5CDC = {
						CreatedOnToolsVersion = 6.4;
						TestTargetID = 4D66BB091BCF4E4400AF5CDC;
					};
				};
			};
			buildConfigurationList = 4D66BB051BCF4E4400AF5CDC /* Build configuration list for PBXProject "ProductShow" */;
			compatibilityVersion = "Xcode 3.2";
			developmentRegion = English;
			hasScannedForEncodings = 0;
			knownRegions = (
				en,
				Base,
			);
			mainGroup = 4D66BB011BCF4E4400AF5CDC;
			productRefGroup = 4D66BB0B1BCF4E4400AF5CDC /* Products */;
			projectDirPath = "";
			projectRoot = "";
			targets = (
				4D66BB091BCF4E4400AF5CDC /* ProductShow */,
				4D66BB201BCF4E4400AF5CDC /* ProductShowTests */,
			);
		};
/* End PBXProject section */

/* Begin PBXResourcesBuildPhase section */
		4D66BB081BCF4E4400AF5CDC /* Resources */ = {
			isa = PBXResourcesBuildPhase;
			buildActionMask = 2147483647;
			files = (
				4D66BB171BCF4E4400AF5CDC /* Main.storyboard in Resources */,
				4D66BB551BCF4FDA00AF5CDC /* ProductTableViewCell.xib in Resources */,
				4D66BB1C1BCF4E4400AF5CDC /* LaunchScreen.xib in Resources */,
				4D66BB191BCF4E4400AF5CDC /* Images.xcassets in Resources */,
				4DBFC91D1BD1E15B0076123D /* userinfo.json in Resources */,
			);
			runOnlyForDeploymentPostprocessing = 0;
		};
		4D66BB1F1BCF4E4400AF5CDC /* Resources */ = {
			isa = PBXResourcesBuildPhase;
			buildActionMask = 2147483647;
			files = (
			);
			runOnlyForDeploymentPostprocessing = 0;
		};
/* End PBXResourcesBuildPhase section */

/* Begin PBXSourcesBuildPhase section */
		4D66BB061BCF4E4400AF5CDC /* Sources */ = {
			isa = PBXSourcesBuildPhase;
			buildActionMask = 2147483647;
			files = (
				4D66BB3F1BCF4F5F00AF5CDC /* FirstPageViewController.swift in Sources */,
				4D66BB421BCF4F5F00AF5CDC /* HotProductsTableViewController.swift in Sources */,
				4D66BB541BCF4FDA00AF5CDC /* ProductTableViewCell.swift in Sources */,
				4DF5FCA01BD36AA800EBC238 /* UIProductDetailViewController.swift in Sources */,
				4D66BB461BCF4F5F00AF5CDC /* TabNavigationController.swift in Sources */,
				4D66BB101BCF4E4400AF5CDC /* AppDelegate.swift in Sources */,
				4D66BB4D1BCF4F7E00AF5CDC /* WebApi.swift in Sources */,
				4DBFC9201BD1EFA80076123D /* PhotoUtil.swift in Sources */,
				4D66BB3E1BCF4F5F00AF5CDC /* CategoriesTableViewController2.swift in Sources */,
				4DBFC9221BD24F300076123D /* UserInfo.swift in Sources */,
				4D95CB331BCF8ED800E10FD3 /* Cart.swift in Sources */,
				4DD472561BD1453900626143 /* OrderManager.swift in Sources */,
				4D66BB411BCF4F5F00AF5CDC /* HomeTabBarViewController.swift in Sources */,
				4D66BB4C1BCF4F7E00AF5CDC /* JsonField.swift in Sources */,
				4D66BB3D1BCF4F5F00AF5CDC /* CategoriesTableViewController.swift in Sources */,
				4D95CB311BCF85E600E10FD3 /* UIViewController+FirstVCExtension.swift in Sources */,
				4D66BB481BCF4F5F00AF5CDC /* UserCenterTableViewController.swift in Sources */,
				4D66BB441BCF4F5F00AF5CDC /* ProductsTableViewController.swift in Sources */,
				4D66BB471BCF4F5F00AF5CDC /* TabTableViewControllerBase.swift in Sources */,
				4D66BB651BCF519A00AF5CDC /* NSString+MessageDigest.m in Sources */,
				4D7EF68B1BD33A8F00CBFEFC /* UIProductTableViewController.swift in Sources */,
				4D95CB351BCF9A6700E10FD3 /* CartTableViewController.swift in Sources */,
				4D66BB501BCF4FB600AF5CDC /* StringExtension.swift in Sources */,
				4D66BB431BCF4F5F00AF5CDC /* LoginViewController.swift in Sources */,
				4D66BB451BCF4F5F00AF5CDC /* SearchProductsViewController.swift in Sources */,
				4D81BFC91BD0D96A00B1AA34 /* OrderDetailTableViewController.swift in Sources */,
				4D81BFCB1BD0E73200B1AA34 /* MyOrdersTableViewController.swift in Sources */,
				4D66BB401BCF4F5F00AF5CDC /* Global.swift in Sources */,
			);
			runOnlyForDeploymentPostprocessing = 0;
		};
		4D66BB1D1BCF4E4400AF5CDC /* Sources */ = {
			isa = PBXSourcesBuildPhase;
			buildActionMask = 2147483647;
			files = (
				4D66BB281BCF4E4400AF5CDC /* ProductShowTests.swift in Sources */,
			);
			runOnlyForDeploymentPostprocessing = 0;
		};
/* End PBXSourcesBuildPhase section */

/* Begin PBXTargetDependency section */
		4D66BB231BCF4E4400AF5CDC /* PBXTargetDependency */ = {
			isa = PBXTargetDependency;
			target = 4D66BB091BCF4E4400AF5CDC /* ProductShow */;
			targetProxy = 4D66BB221BCF4E4400AF5CDC /* PBXContainerItemProxy */;
		};
/* End PBXTargetDependency section */

/* Begin PBXVariantGroup section */
		4D66BB151BCF4E4400AF5CDC /* Main.storyboard */ = {
			isa = PBXVariantGroup;
			children = (
				4D66BB161BCF4E4400AF5CDC /* Base */,
			);
			name = Main.storyboard;
			sourceTree = "<group>";
		};
		4D66BB1A1BCF4E4400AF5CDC /* LaunchScreen.xib */ = {
			isa = PBXVariantGroup;
			children = (
				4D66BB1B1BCF4E4400AF5CDC /* Base */,
			);
			name = LaunchScreen.xib;
			sourceTree = "<group>";
		};
/* End PBXVariantGroup section */

/* Begin XCBuildConfiguration section */
		4D66BB291BCF4E4400AF5CDC /* Debug */ = {
			isa = XCBuildConfiguration;
			buildSettings = {
				ALWAYS_SEARCH_USER_PATHS = NO;
				CLANG_CXX_LANGUAGE_STANDARD = "gnu++0x";
				CLANG_CXX_LIBRARY = "libc++";
				CLANG_ENABLE_MODULES = YES;
				CLANG_ENABLE_OBJC_ARC = YES;
				CLANG_WARN_BOOL_CONVERSION = YES;
				CLANG_WARN_CONSTANT_CONVERSION = YES;
				CLANG_WARN_DIRECT_OBJC_ISA_USAGE = YES_ERROR;
				CLANG_WARN_EMPTY_BODY = YES;
				CLANG_WARN_ENUM_CONVERSION = YES;
				CLANG_WARN_INT_CONVERSION = YES;
				CLANG_WARN_OBJC_ROOT_CLASS = YES_ERROR;
				CLANG_WARN_UNREACHABLE_CODE = YES;
				CLANG_WARN__DUPLICATE_METHOD_MATCH = YES;
				"CODE_SIGN_IDENTITY[sdk=iphoneos*]" = "iPhone Developer";
				COPY_PHASE_STRIP = NO;
				DEBUG_INFORMATION_FORMAT = "dwarf-with-dsym";
				ENABLE_STRICT_OBJC_MSGSEND = YES;
				ENABLE_TESTABILITY = YES;
				GCC_C_LANGUAGE_STANDARD = gnu99;
				GCC_DYNAMIC_NO_PIC = NO;
				GCC_NO_COMMON_BLOCKS = YES;
				GCC_OPTIMIZATION_LEVEL = 0;
				GCC_PREPROCESSOR_DEFINITIONS = (
					"DEBUG=1",
					"$(inherited)",
				);
				GCC_SYMBOLS_PRIVATE_EXTERN = NO;
				GCC_WARN_64_TO_32_BIT_CONVERSION = YES;
				GCC_WARN_ABOUT_RETURN_TYPE = YES_ERROR;
				GCC_WARN_UNDECLARED_SELECTOR = YES;
				GCC_WARN_UNINITIALIZED_AUTOS = YES_AGGRESSIVE;
				GCC_WARN_UNUSED_FUNCTION = YES;
				GCC_WARN_UNUSED_VARIABLE = YES;
				IPHONEOS_DEPLOYMENT_TARGET = 7.0;
				MTL_ENABLE_DEBUG_INFO = YES;
				ONLY_ACTIVE_ARCH = YES;
				SDKROOT = iphoneos;
				SWIFT_OPTIMIZATION_LEVEL = "-Onone";
				TARGETED_DEVICE_FAMILY = "1,2";
			};
			name = Debug;
		};
		4D66BB2A1BCF4E4400AF5CDC /* Release */ = {
			isa = XCBuildConfiguration;
			buildSettings = {
				ALWAYS_SEARCH_USER_PATHS = NO;
				CLANG_CXX_LANGUAGE_STANDARD = "gnu++0x";
				CLANG_CXX_LIBRARY = "libc++";
				CLANG_ENABLE_MODULES = YES;
				CLANG_ENABLE_OBJC_ARC = YES;
				CLANG_WARN_BOOL_CONVERSION = YES;
				CLANG_WARN_CONSTANT_CONVERSION = YES;
				CLANG_WARN_DIRECT_OBJC_ISA_USAGE = YES_ERROR;
				CLANG_WARN_EMPTY_BODY = YES;
				CLANG_WARN_ENUM_CONVERSION = YES;
				CLANG_WARN_INT_CONVERSION = YES;
				CLANG_WARN_OBJC_ROOT_CLASS = YES_ERROR;
				CLANG_WARN_UNREACHABLE_CODE = YES;
				CLANG_WARN__DUPLICATE_METHOD_MATCH = YES;
				"CODE_SIGN_IDENTITY[sdk=iphoneos*]" = "iPhone Developer";
				COPY_PHASE_STRIP = NO;
				DEBUG_INFORMATION_FORMAT = "dwarf-with-dsym";
				ENABLE_NS_ASSERTIONS = NO;
				ENABLE_STRICT_OBJC_MSGSEND = YES;
				GCC_C_LANGUAGE_STANDARD = gnu99;
				GCC_NO_COMMON_BLOCKS = YES;
				GCC_WARN_64_TO_32_BIT_CONVERSION = YES;
				GCC_WARN_ABOUT_RETURN_TYPE = YES_ERROR;
				GCC_WARN_UNDECLARED_SELECTOR = YES;
				GCC_WARN_UNINITIALIZED_AUTOS = YES_AGGRESSIVE;
				GCC_WARN_UNUSED_FUNCTION = YES;
				GCC_WARN_UNUSED_VARIABLE = YES;
				IPHONEOS_DEPLOYMENT_TARGET = 7.0;
				MTL_ENABLE_DEBUG_INFO = NO;
				SDKROOT = iphoneos;
				TARGETED_DEVICE_FAMILY = "1,2";
				VALIDATE_PRODUCT = YES;
			};
			name = Release;
		};
		4D66BB2C1BCF4E4400AF5CDC /* Debug */ = {
			isa = XCBuildConfiguration;
			buildSettings = {
				ASSETCATALOG_COMPILER_APPICON_NAME = AppIcon;
				CLANG_ENABLE_MODULES = YES;
				INFOPLIST_FILE = ProductShow/Info.plist;
				LD_RUNPATH_SEARCH_PATHS = "$(inherited) @executable_path/Frameworks";
				PRODUCT_BUNDLE_IDENTIFIER = "com.gaozgao.$(PRODUCT_NAME:rfc1034identifier)";
				PRODUCT_NAME = "$(TARGET_NAME)";
				SWIFT_OBJC_BRIDGING_HEADER = "ProductShow/ProductShow-Bridging-Header.h";
				SWIFT_OPTIMIZATION_LEVEL = "-Onone";
			};
			name = Debug;
		};
		4D66BB2D1BCF4E4400AF5CDC /* Release */ = {
			isa = XCBuildConfiguration;
			buildSettings = {
				ASSETCATALOG_COMPILER_APPICON_NAME = AppIcon;
				CLANG_ENABLE_MODULES = YES;
				INFOPLIST_FILE = ProductShow/Info.plist;
				LD_RUNPATH_SEARCH_PATHS = "$(inherited) @executable_path/Frameworks";
				PRODUCT_BUNDLE_IDENTIFIER = "com.gaozgao.$(PRODUCT_NAME:rfc1034identifier)";
				PRODUCT_NAME = "$(TARGET_NAME)";
				SWIFT_OBJC_BRIDGING_HEADER = "ProductShow/ProductShow-Bridging-Header.h";
			};
			name = Release;
		};
		4D66BB2F1BCF4E4400AF5CDC /* Debug */ = {
			isa = XCBuildConfiguration;
			buildSettings = {
				BUNDLE_LOADER = "$(TEST_HOST)";
				FRAMEWORK_SEARCH_PATHS = (
					"$(SDKROOT)/Developer/Library/Frameworks",
					"$(inherited)",
				);
				GCC_PREPROCESSOR_DEFINITIONS = (
					"DEBUG=1",
					"$(inherited)",
				);
				INFOPLIST_FILE = ProductShowTests/Info.plist;
				LD_RUNPATH_SEARCH_PATHS = "$(inherited) @executable_path/Frameworks @loader_path/Frameworks";
				PRODUCT_BUNDLE_IDENTIFIER = "com.gaozgao.$(PRODUCT_NAME:rfc1034identifier)";
				PRODUCT_NAME = "$(TARGET_NAME)";
				TEST_HOST = "$(BUILT_PRODUCTS_DIR)/ProductShow.app/ProductShow";
			};
			name = Debug;
		};
		4D66BB301BCF4E4400AF5CDC /* Release */ = {
			isa = XCBuildConfiguration;
			buildSettings = {
				BUNDLE_LOADER = "$(TEST_HOST)";
				FRAMEWORK_SEARCH_PATHS = (
					"$(SDKROOT)/Developer/Library/Frameworks",
					"$(inherited)",
				);
				INFOPLIST_FILE = ProductShowTests/Info.plist;
				LD_RUNPATH_SEARCH_PATHS = "$(inherited) @executable_path/Frameworks @loader_path/Frameworks";
				PRODUCT_BUNDLE_IDENTIFIER = "com.gaozgao.$(PRODUCT_NAME:rfc1034identifier)";
				PRODUCT_NAME = "$(TARGET_NAME)";
				TEST_HOST = "$(BUILT_PRODUCTS_DIR)/ProductShow.app/ProductShow";
			};
			name = Release;
		};
/* End XCBuildConfiguration section */

/* Begin XCConfigurationList section */
		4D66BB051BCF4E4400AF5CDC /* Build configuration list for PBXProject "ProductShow" */ = {
			isa = XCConfigurationList;
			buildConfigurations = (
				4D66BB291BCF4E4400AF5CDC /* Debug */,
				4D66BB2A1BCF4E4400AF5CDC /* Release */,
			);
			defaultConfigurationIsVisible = 0;
			defaultConfigurationName = Release;
		};
		4D66BB2B1BCF4E4400AF5CDC /* Build configuration list for PBXNativeTarget "ProductShow" */ = {
			isa = XCConfigurationList;
			buildConfigurations = (
				4D66BB2C1BCF4E4400AF5CDC /* Debug */,
				4D66BB2D1BCF4E4400AF5CDC /* Release */,
			);
			defaultConfigurationIsVisible = 0;
			defaultConfigurationName = Release;
		};
		4D66BB2E1BCF4E4400AF5CDC /* Build configuration list for PBXNativeTarget "ProductShowTests" */ = {
			isa = XCConfigurationList;
			buildConfigurations = (
				4D66BB2F1BCF4E4400AF5CDC /* Debug */,
				4D66BB301BCF4E4400AF5CDC /* Release */,
			);
			defaultConfigurationIsVisible = 0;
			defaultConfigurationName = Release;
		};
/* End XCConfigurationList section */
	};
	rootObject = 4D66BB021BCF4E4400AF5CDC /* Project object */;
}
