// !$*UTF8*$!
{
	archiveVersion = 1;
	classes = {
	};
	objectVersion = 46;
	objects = {

/* Begin PBXBuildFile section */
		4D58043F1B9E7D390030EE85 /* TabTableViewControllerBase.swift in Sources */ = {isa = PBXBuildFile; fileRef = 4D58043E1B9E7D390030EE85 /* TabTableViewControllerBase.swift */; };
		4D6F72811BCCE38200E40853 /* StringExtension.swift in Sources */ = {isa = PBXBuildFile; fileRef = 4D6F72801BCCE38200E40853 /* StringExtension.swift */; };
		4D6F72851BCCEAA500E40853 /* NSString+MessageDigest.m in Sources */ = {isa = PBXBuildFile; fileRef = 4D6F72841BCCEAA500E40853 /* NSString+MessageDigest.m */; };
		4D6F72911BCCF1EF00E40853 /* HotProductsTableViewController.swift in Sources */ = {isa = PBXBuildFile; fileRef = 4D6F72901BCCF1EF00E40853 /* HotProductsTableViewController.swift */; };
		4D7D66B61B9C30C200F19927 /* FirstPageViewController.swift in Sources */ = {isa = PBXBuildFile; fileRef = 4D7D66B51B9C30C200F19927 /* FirstPageViewController.swift */; };
		4D7D66B81B9C375500F19927 /* HomeTabBarViewController.swift in Sources */ = {isa = PBXBuildFile; fileRef = 4D7D66B71B9C375500F19927 /* HomeTabBarViewController.swift */; };
		4D822B0F1BCBA45700864CB5 /* WebApiTest.swift in Sources */ = {isa = PBXBuildFile; fileRef = 4D822B0D1BCBA45700864CB5 /* WebApiTest.swift */; };
		4D822B101BCBA4A300864CB5 /* WebApi.swift in Sources */ = {isa = PBXBuildFile; fileRef = 4DA3824A1B9FD08A00B68AA0 /* WebApi.swift */; };
		4D87E5FD1B9BE03700E0AD74 /* AppDelegate.swift in Sources */ = {isa = PBXBuildFile; fileRef = 4D87E5FC1B9BE03700E0AD74 /* AppDelegate.swift */; };
		4D87E6041B9BE03700E0AD74 /* Main.storyboard in Resources */ = {isa = PBXBuildFile; fileRef = 4D87E6021B9BE03700E0AD74 /* Main.storyboard */; };
		4D87E6061B9BE03700E0AD74 /* Images.xcassets in Resources */ = {isa = PBXBuildFile; fileRef = 4D87E6051B9BE03700E0AD74 /* Images.xcassets */; };
		4D87E6091B9BE03700E0AD74 /* LaunchScreen.xib in Resources */ = {isa = PBXBuildFile; fileRef = 4D87E6071B9BE03700E0AD74 /* LaunchScreen.xib */; };
		4D87E6151B9BE03700E0AD74 /* ProductShowTests.swift in Sources */ = {isa = PBXBuildFile; fileRef = 4D87E6141B9BE03700E0AD74 /* ProductShowTests.swift */; };
		4D87E6211B9BE29E00E0AD74 /* CategoriesTableViewController.swift in Sources */ = {isa = PBXBuildFile; fileRef = 4D87E61E1B9BE29E00E0AD74 /* CategoriesTableViewController.swift */; };
		4D87E6221B9BE29E00E0AD74 /* ProductsTableViewController.swift in Sources */ = {isa = PBXBuildFile; fileRef = 4D87E61F1B9BE29E00E0AD74 /* ProductsTableViewController.swift */; };
		4D87E6231B9BE29E00E0AD74 /* SearchProductsViewController.swift in Sources */ = {isa = PBXBuildFile; fileRef = 4D87E6201B9BE29E00E0AD74 /* SearchProductsViewController.swift */; };
		4D87E6251B9BE2CD00E0AD74 /* category.txt in Resources */ = {isa = PBXBuildFile; fileRef = 4D87E6241B9BE2CD00E0AD74 /* category.txt */; };
		4D87E62B1B9BE5FF00E0AD74 /* LoginViewController.swift in Sources */ = {isa = PBXBuildFile; fileRef = 4D87E62A1B9BE5FF00E0AD74 /* LoginViewController.swift */; };
		4DA3824B1B9FD08A00B68AA0 /* WebApi.swift in Sources */ = {isa = PBXBuildFile; fileRef = 4DA3824A1B9FD08A00B68AA0 /* WebApi.swift */; };
		4DA3824D1B9FD90100B68AA0 /* JsonField.swift in Sources */ = {isa = PBXBuildFile; fileRef = 4DA3824C1B9FD90100B68AA0 /* JsonField.swift */; };
		4DA3824F1B9FD9AE00B68AA0 /* Global.swift in Sources */ = {isa = PBXBuildFile; fileRef = 4DA3824E1B9FD9AE00B68AA0 /* Global.swift */; };
		4DCB22CE1B9D2E830016DA13 /* CategoriesTableViewController2.swift in Sources */ = {isa = PBXBuildFile; fileRef = 4DCB22CD1B9D2E830016DA13 /* CategoriesTableViewController2.swift */; };
		4DCB23021B9D7F9D0016DA13 /* UserCenterTableViewController.swift in Sources */ = {isa = PBXBuildFile; fileRef = 4DCB23011B9D7F9D0016DA13 /* UserCenterTableViewController.swift */; };
		4DCB23071B9D8F4E0016DA13 /* TabNavigationController.swift in Sources */ = {isa = PBXBuildFile; fileRef = 4DCB23061B9D8F4E0016DA13 /* TabNavigationController.swift */; };
/* End PBXBuildFile section */

/* Begin PBXContainerItemProxy section */
		4D87E60F1B9BE03700E0AD74 /* PBXContainerItemProxy */ = {
			isa = PBXContainerItemProxy;
			containerPortal = 4D87E5EF1B9BE03700E0AD74 /* Project object */;
			proxyType = 1;
			remoteGlobalIDString = 4D87E5F61B9BE03700E0AD74;
			remoteInfo = ProductShow;
		};
/* End PBXContainerItemProxy section */

/* Begin PBXFileReference section */
		4D58043E1B9E7D390030EE85 /* TabTableViewControllerBase.swift */ = {isa = PBXFileReference; fileEncoding = 4; lastKnownFileType = sourcecode.swift; path = TabTableViewControllerBase.swift; sourceTree = "<group>"; };
		4D6F727C1BCCE31500E40853 /* ProductShow-Bridging-Header.h */ = {isa = PBXFileReference; lastKnownFileType = sourcecode.c.h; path = "ProductShow-Bridging-Header.h"; sourceTree = "<group>"; };
		4D6F72801BCCE38200E40853 /* StringExtension.swift */ = {isa = PBXFileReference; fileEncoding = 4; lastKnownFileType = sourcecode.swift; name = StringExtension.swift; path = extension/StringExtension.swift; sourceTree = "<group>"; };
		4D6F72831BCCEAA500E40853 /* NSString+MessageDigest.h */ = {isa = PBXFileReference; fileEncoding = 4; lastKnownFileType = sourcecode.c.h; name = "NSString+MessageDigest.h"; path = "Objc/NSString+MessageDigest.h"; sourceTree = "<group>"; };
		4D6F72841BCCEAA500E40853 /* NSString+MessageDigest.m */ = {isa = PBXFileReference; fileEncoding = 4; lastKnownFileType = sourcecode.c.objc; name = "NSString+MessageDigest.m"; path = "Objc/NSString+MessageDigest.m"; sourceTree = "<group>"; };
		4D6F72901BCCF1EF00E40853 /* HotProductsTableViewController.swift */ = {isa = PBXFileReference; fileEncoding = 4; lastKnownFileType = sourcecode.swift; path = HotProductsTableViewController.swift; sourceTree = "<group>"; };
		4D7D66B51B9C30C200F19927 /* FirstPageViewController.swift */ = {isa = PBXFileReference; fileEncoding = 4; lastKnownFileType = sourcecode.swift; path = FirstPageViewController.swift; sourceTree = "<group>"; };
		4D7D66B71B9C375500F19927 /* HomeTabBarViewController.swift */ = {isa = PBXFileReference; fileEncoding = 4; lastKnownFileType = sourcecode.swift; path = HomeTabBarViewController.swift; sourceTree = "<group>"; };
		4D822B0D1BCBA45700864CB5 /* WebApiTest.swift */ = {isa = PBXFileReference; fileEncoding = 4; lastKnownFileType = sourcecode.swift; path = WebApiTest.swift; sourceTree = "<group>"; };
		4D87E5F71B9BE03700E0AD74 /* ProductShow.app */ = {isa = PBXFileReference; explicitFileType = wrapper.application; includeInIndex = 0; path = ProductShow.app; sourceTree = BUILT_PRODUCTS_DIR; };
		4D87E5FB1B9BE03700E0AD74 /* Info.plist */ = {isa = PBXFileReference; lastKnownFileType = text.plist.xml; path = Info.plist; sourceTree = "<group>"; };
		4D87E5FC1B9BE03700E0AD74 /* AppDelegate.swift */ = {isa = PBXFileReference; lastKnownFileType = sourcecode.swift; path = AppDelegate.swift; sourceTree = "<group>"; };
		4D87E6031B9BE03700E0AD74 /* Base */ = {isa = PBXFileReference; lastKnownFileType = file.storyboard; name = Base; path = Base.lproj/Main.storyboard; sourceTree = "<group>"; };
		4D87E6051B9BE03700E0AD74 /* Images.xcassets */ = {isa = PBXFileReference; lastKnownFileType = folder.assetcatalog; path = Images.xcassets; sourceTree = "<group>"; };
		4D87E6081B9BE03700E0AD74 /* Base */ = {isa = PBXFileReference; lastKnownFileType = file.xib; name = Base; path = Base.lproj/LaunchScreen.xib; sourceTree = "<group>"; };
		4D87E60E1B9BE03700E0AD74 /* ProductShowTests.xctest */ = {isa = PBXFileReference; explicitFileType = wrapper.cfbundle; includeInIndex = 0; path = ProductShowTests.xctest; sourceTree = BUILT_PRODUCTS_DIR; };
		4D87E6131B9BE03700E0AD74 /* Info.plist */ = {isa = PBXFileReference; lastKnownFileType = text.plist.xml; path = Info.plist; sourceTree = "<group>"; };
		4D87E6141B9BE03700E0AD74 /* ProductShowTests.swift */ = {isa = PBXFileReference; lastKnownFileType = sourcecode.swift; path = ProductShowTests.swift; sourceTree = "<group>"; };
		4D87E61E1B9BE29E00E0AD74 /* CategoriesTableViewController.swift */ = {isa = PBXFileReference; fileEncoding = 4; lastKnownFileType = sourcecode.swift; path = CategoriesTableViewController.swift; sourceTree = "<group>"; };
		4D87E61F1B9BE29E00E0AD74 /* ProductsTableViewController.swift */ = {isa = PBXFileReference; fileEncoding = 4; lastKnownFileType = sourcecode.swift; path = ProductsTableViewController.swift; sourceTree = "<group>"; };
		4D87E6201B9BE29E00E0AD74 /* SearchProductsViewController.swift */ = {isa = PBXFileReference; fileEncoding = 4; lastKnownFileType = sourcecode.swift; path = SearchProductsViewController.swift; sourceTree = "<group>"; };
		4D87E6241B9BE2CD00E0AD74 /* category.txt */ = {isa = PBXFileReference; fileEncoding = 4; lastKnownFileType = text; path = category.txt; sourceTree = "<group>"; };
		4D87E62A1B9BE5FF00E0AD74 /* LoginViewController.swift */ = {isa = PBXFileReference; fileEncoding = 4; lastKnownFileType = sourcecode.swift; path = LoginViewController.swift; sourceTree = "<group>"; };
		4DA3824A1B9FD08A00B68AA0 /* WebApi.swift */ = {isa = PBXFileReference; fileEncoding = 4; lastKnownFileType = sourcecode.swift; name = WebApi.swift; path = WebApi/WebApi.swift; sourceTree = "<group>"; };
		4DA3824C1B9FD90100B68AA0 /* JsonField.swift */ = {isa = PBXFileReference; fileEncoding = 4; lastKnownFileType = sourcecode.swift; name = JsonField.swift; path = WebApi/JsonField.swift; sourceTree = "<group>"; };
		4DA3824E1B9FD9AE00B68AA0 /* Global.swift */ = {isa = PBXFileReference; fileEncoding = 4; lastKnownFileType = sourcecode.swift; path = Global.swift; sourceTree = "<group>"; };
		4DCB22CD1B9D2E830016DA13 /* CategoriesTableViewController2.swift */ = {isa = PBXFileReference; fileEncoding = 4; lastKnownFileType = sourcecode.swift; path = CategoriesTableViewController2.swift; sourceTree = "<group>"; };
		4DCB23011B9D7F9D0016DA13 /* UserCenterTableViewController.swift */ = {isa = PBXFileReference; fileEncoding = 4; lastKnownFileType = sourcecode.swift; path = UserCenterTableViewController.swift; sourceTree = "<group>"; };
		4DCB23061B9D8F4E0016DA13 /* TabNavigationController.swift */ = {isa = PBXFileReference; fileEncoding = 4; lastKnownFileType = sourcecode.swift; path = TabNavigationController.swift; sourceTree = "<group>"; };
/* End PBXFileReference section */

/* Begin PBXFrameworksBuildPhase section */
		4D87E5F41B9BE03700E0AD74 /* Frameworks */ = {
			isa = PBXFrameworksBuildPhase;
			buildActionMask = 2147483647;
			files = (
			);
			runOnlyForDeploymentPostprocessing = 0;
		};
		4D87E60B1B9BE03700E0AD74 /* Frameworks */ = {
			isa = PBXFrameworksBuildPhase;
			buildActionMask = 2147483647;
			files = (
			);
			runOnlyForDeploymentPostprocessing = 0;
		};
/* End PBXFrameworksBuildPhase section */

/* Begin PBXGroup section */
		4D6F727A1BCCE25A00E40853 /* extension */ = {
			isa = PBXGroup;
			children = (
				4D6F72801BCCE38200E40853 /* StringExtension.swift */,
			);
			name = extension;
			sourceTree = "<group>";
		};
		4D6F72821BCCEA1700E40853 /* Objc */ = {
			isa = PBXGroup;
			children = (
				4D6F72831BCCEAA500E40853 /* NSString+MessageDigest.h */,
				4D6F72841BCCEAA500E40853 /* NSString+MessageDigest.m */,
			);
			name = Objc;
			sourceTree = "<group>";
		};
		4D87E5EE1B9BE03700E0AD74 = {
			isa = PBXGroup;
			children = (
				4D87E5F91B9BE03700E0AD74 /* ProductShow */,
				4D87E6111B9BE03700E0AD74 /* ProductShowTests */,
				4D87E5F81B9BE03700E0AD74 /* Products */,
			);
			sourceTree = "<group>";
		};
		4D87E5F81B9BE03700E0AD74 /* Products */ = {
			isa = PBXGroup;
			children = (
				4D87E5F71B9BE03700E0AD74 /* ProductShow.app */,
				4D87E60E1B9BE03700E0AD74 /* ProductShowTests.xctest */,
			);
			name = Products;
			sourceTree = "<group>";
		};
		4D87E5F91B9BE03700E0AD74 /* ProductShow */ = {
			isa = PBXGroup;
			children = (
				4D6F72821BCCEA1700E40853 /* Objc */,
				4D6F727A1BCCE25A00E40853 /* extension */,
				4DA382491B9FD02800B68AA0 /* WebApi */,
				4D87E5FC1B9BE03700E0AD74 /* AppDelegate.swift */,
				4DA3824E1B9FD9AE00B68AA0 /* Global.swift */,
				4D87E62A1B9BE5FF00E0AD74 /* LoginViewController.swift */,
				4D7D66B51B9C30C200F19927 /* FirstPageViewController.swift */,
				4D7D66B71B9C375500F19927 /* HomeTabBarViewController.swift */,
				4DCB23031B9D7FEB0016DA13 /* SubControllers */,
				4D87E6021B9BE03700E0AD74 /* Main.storyboard */,
				4D87E6051B9BE03700E0AD74 /* Images.xcassets */,
				4D87E6071B9BE03700E0AD74 /* LaunchScreen.xib */,
				4D87E5FA1B9BE03700E0AD74 /* Supporting Files */,
				4D6F727C1BCCE31500E40853 /* ProductShow-Bridging-Header.h */,
			);
			path = ProductShow;
			sourceTree = "<group>";
		};
		4D87E5FA1B9BE03700E0AD74 /* Supporting Files */ = {
			isa = PBXGroup;
			children = (
				4D87E6241B9BE2CD00E0AD74 /* category.txt */,
				4D87E5FB1B9BE03700E0AD74 /* Info.plist */,
			);
			name = "Supporting Files";
			sourceTree = "<group>";
		};
		4D87E6111B9BE03700E0AD74 /* ProductShowTests */ = {
			isa = PBXGroup;
			children = (
				4D87E6141B9BE03700E0AD74 /* ProductShowTests.swift */,
				4D87E6121B9BE03700E0AD74 /* Supporting Files */,
				4D822B0D1BCBA45700864CB5 /* WebApiTest.swift */,
			);
			path = ProductShowTests;
			sourceTree = "<group>";
		};
		4D87E6121B9BE03700E0AD74 /* Supporting Files */ = {
			isa = PBXGroup;
			children = (
				4D87E6131B9BE03700E0AD74 /* Info.plist */,
			);
			name = "Supporting Files";
			sourceTree = "<group>";
		};
		4DA382491B9FD02800B68AA0 /* WebApi */ = {
			isa = PBXGroup;
			children = (
				4DA3824A1B9FD08A00B68AA0 /* WebApi.swift */,
				4DA3824C1B9FD90100B68AA0 /* JsonField.swift */,
			);
			name = WebApi;
			sourceTree = "<group>";
		};
		4DCB23031B9D7FEB0016DA13 /* SubControllers */ = {
			isa = PBXGroup;
			children = (
				4DCB23061B9D8F4E0016DA13 /* TabNavigationController.swift */,
				4D58043E1B9E7D390030EE85 /* TabTableViewControllerBase.swift */,
				4D87E61E1B9BE29E00E0AD74 /* CategoriesTableViewController.swift */,
				4DCB22CD1B9D2E830016DA13 /* CategoriesTableViewController2.swift */,
				4D87E61F1B9BE29E00E0AD74 /* ProductsTableViewController.swift */,
				4D6F72901BCCF1EF00E40853 /* HotProductsTableViewController.swift */,
				4D87E6201B9BE29E00E0AD74 /* SearchProductsViewController.swift */,
				4DCB23011B9D7F9D0016DA13 /* UserCenterTableViewController.swift */,
			);
			name = SubControllers;
			sourceTree = "<group>";
		};
/* End PBXGroup section */

/* Begin PBXNativeTarget section */
		4D87E5F61B9BE03700E0AD74 /* ProductShow */ = {
			isa = PBXNativeTarget;
			buildConfigurationList = 4D87E6181B9BE03700E0AD74 /* Build configuration list for PBXNativeTarget "ProductShow" */;
			buildPhases = (
				4D87E5F31B9BE03700E0AD74 /* Sources */,
				4D87E5F41B9BE03700E0AD74 /* Frameworks */,
				4D87E5F51B9BE03700E0AD74 /* Resources */,
			);
			buildRules = (
			);
			dependencies = (
			);
			name = ProductShow;
			productName = ProductShow;
			productReference = 4D87E5F71B9BE03700E0AD74 /* ProductShow.app */;
			productType = "com.apple.product-type.application";
		};
		4D87E60D1B9BE03700E0AD74 /* ProductShowTests */ = {
			isa = PBXNativeTarget;
			buildConfigurationList = 4D87E61B1B9BE03700E0AD74 /* Build configuration list for PBXNativeTarget "ProductShowTests" */;
			buildPhases = (
				4D87E60A1B9BE03700E0AD74 /* Sources */,
				4D87E60B1B9BE03700E0AD74 /* Frameworks */,
				4D87E60C1B9BE03700E0AD74 /* Resources */,
			);
			buildRules = (
			);
			dependencies = (
				4D87E6101B9BE03700E0AD74 /* PBXTargetDependency */,
			);
			name = ProductShowTests;
			productName = ProductShowTests;
			productReference = 4D87E60E1B9BE03700E0AD74 /* ProductShowTests.xctest */;
			productType = "com.apple.product-type.bundle.unit-test";
		};
/* End PBXNativeTarget section */

/* Begin PBXProject section */
		4D87E5EF1B9BE03700E0AD74 /* Project object */ = {
			isa = PBXProject;
			attributes = {
				LastUpgradeCheck = 0640;
				ORGANIZATIONNAME = gaozgao;
				TargetAttributes = {
					4D87E5F61B9BE03700E0AD74 = {
						CreatedOnToolsVersion = 6.4;
					};
					4D87E60D1B9BE03700E0AD74 = {
						CreatedOnToolsVersion = 6.4;
						TestTargetID = 4D87E5F61B9BE03700E0AD74;
					};
				};
			};
			buildConfigurationList = 4D87E5F21B9BE03700E0AD74 /* Build configuration list for PBXProject "ProductShow" */;
			compatibilityVersion = "Xcode 3.2";
			developmentRegion = English;
			hasScannedForEncodings = 0;
			knownRegions = (
				en,
				Base,
			);
			mainGroup = 4D87E5EE1B9BE03700E0AD74;
			productRefGroup = 4D87E5F81B9BE03700E0AD74 /* Products */;
			projectDirPath = "";
			projectRoot = "";
			targets = (
				4D87E5F61B9BE03700E0AD74 /* ProductShow */,
				4D87E60D1B9BE03700E0AD74 /* ProductShowTests */,
			);
		};
/* End PBXProject section */

/* Begin PBXResourcesBuildPhase section */
		4D87E5F51B9BE03700E0AD74 /* Resources */ = {
			isa = PBXResourcesBuildPhase;
			buildActionMask = 2147483647;
			files = (
				4D87E6251B9BE2CD00E0AD74 /* category.txt in Resources */,
				4D87E6041B9BE03700E0AD74 /* Main.storyboard in Resources */,
				4D87E6091B9BE03700E0AD74 /* LaunchScreen.xib in Resources */,
				4D87E6061B9BE03700E0AD74 /* Images.xcassets in Resources */,
			);
			runOnlyForDeploymentPostprocessing = 0;
		};
		4D87E60C1B9BE03700E0AD74 /* Resources */ = {
			isa = PBXResourcesBuildPhase;
			buildActionMask = 2147483647;
			files = (
			);
			runOnlyForDeploymentPostprocessing = 0;
		};
/* End PBXResourcesBuildPhase section */

/* Begin PBXSourcesBuildPhase section */
		4D87E5F31B9BE03700E0AD74 /* Sources */ = {
			isa = PBXSourcesBuildPhase;
			buildActionMask = 2147483647;
			files = (
				4D7D66B81B9C375500F19927 /* HomeTabBarViewController.swift in Sources */,
				4D7D66B61B9C30C200F19927 /* FirstPageViewController.swift in Sources */,
				4D6F72811BCCE38200E40853 /* StringExtension.swift in Sources */,
				4D58043F1B9E7D390030EE85 /* TabTableViewControllerBase.swift in Sources */,
				4D87E5FD1B9BE03700E0AD74 /* AppDelegate.swift in Sources */,
				4DCB23071B9D8F4E0016DA13 /* TabNavigationController.swift in Sources */,
				4D87E6211B9BE29E00E0AD74 /* CategoriesTableViewController.swift in Sources */,
				4DA3824F1B9FD9AE00B68AA0 /* Global.swift in Sources */,
				4D87E6231B9BE29E00E0AD74 /* SearchProductsViewController.swift in Sources */,
				4D87E62B1B9BE5FF00E0AD74 /* LoginViewController.swift in Sources */,
				4DCB23021B9D7F9D0016DA13 /* UserCenterTableViewController.swift in Sources */,
				4D6F72851BCCEAA500E40853 /* NSString+MessageDigest.m in Sources */,
				4D6F72911BCCF1EF00E40853 /* HotProductsTableViewController.swift in Sources */,
				4DCB22CE1B9D2E830016DA13 /* CategoriesTableViewController2.swift in Sources */,
				4DA3824D1B9FD90100B68AA0 /* JsonField.swift in Sources */,
				4D87E6221B9BE29E00E0AD74 /* ProductsTableViewController.swift in Sources */,
				4DA3824B1B9FD08A00B68AA0 /* WebApi.swift in Sources */,
			);
			runOnlyForDeploymentPostprocessing = 0;
		};
		4D87E60A1B9BE03700E0AD74 /* Sources */ = {
			isa = PBXSourcesBuildPhase;
			buildActionMask = 2147483647;
			files = (
				4D822B101BCBA4A300864CB5 /* WebApi.swift in Sources */,
				4D87E6151B9BE03700E0AD74 /* ProductShowTests.swift in Sources */,
				4D822B0F1BCBA45700864CB5 /* WebApiTest.swift in Sources */,
			);
			runOnlyForDeploymentPostprocessing = 0;
		};
/* End PBXSourcesBuildPhase section */

/* Begin PBXTargetDependency section */
		4D87E6101B9BE03700E0AD74 /* PBXTargetDependency */ = {
			isa = PBXTargetDependency;
			target = 4D87E5F61B9BE03700E0AD74 /* ProductShow */;
			targetProxy = 4D87E60F1B9BE03700E0AD74 /* PBXContainerItemProxy */;
		};
/* End PBXTargetDependency section */

/* Begin PBXVariantGroup section */
		4D87E6021B9BE03700E0AD74 /* Main.storyboard */ = {
			isa = PBXVariantGroup;
			children = (
				4D87E6031B9BE03700E0AD74 /* Base */,
			);
			name = Main.storyboard;
			sourceTree = "<group>";
		};
		4D87E6071B9BE03700E0AD74 /* LaunchScreen.xib */ = {
			isa = PBXVariantGroup;
			children = (
				4D87E6081B9BE03700E0AD74 /* Base */,
			);
			name = LaunchScreen.xib;
			sourceTree = "<group>";
		};
/* End PBXVariantGroup section */

/* Begin XCBuildConfiguration section */
		4D87E6161B9BE03700E0AD74 /* Debug */ = {
			isa = XCBuildConfiguration;
			buildSettings = {
				ALWAYS_SEARCH_USER_PATHS = NO;
				CLANG_CXX_LANGUAGE_STANDARD = "gnu++0x";
				CLANG_CXX_LIBRARY = "libc++";
				CLANG_ENABLE_MODULES = YES;
				CLANG_ENABLE_OBJC_ARC = YES;
				CLANG_WARN_BOOL_CONVERSION = YES;
				CLANG_WARN_CONSTANT_CONVERSION = YES;
				CLANG_WARN_DIRECT_OBJC_ISA_USAGE = YES_ERROR;
				CLANG_WARN_EMPTY_BODY = YES;
				CLANG_WARN_ENUM_CONVERSION = YES;
				CLANG_WARN_INT_CONVERSION = YES;
				CLANG_WARN_OBJC_ROOT_CLASS = YES_ERROR;
				CLANG_WARN_UNREACHABLE_CODE = YES;
				CLANG_WARN__DUPLICATE_METHOD_MATCH = YES;
				"CODE_SIGN_IDENTITY[sdk=iphoneos*]" = "iPhone Developer";
				COPY_PHASE_STRIP = NO;
				DEBUG_INFORMATION_FORMAT = "dwarf-with-dsym";
				ENABLE_STRICT_OBJC_MSGSEND = YES;
				GCC_C_LANGUAGE_STANDARD = gnu99;
				GCC_DYNAMIC_NO_PIC = NO;
				GCC_NO_COMMON_BLOCKS = YES;
				GCC_OPTIMIZATION_LEVEL = 0;
				GCC_PREPROCESSOR_DEFINITIONS = (
					"DEBUG=1",
					"$(inherited)",
				);
				GCC_SYMBOLS_PRIVATE_EXTERN = NO;
				GCC_WARN_64_TO_32_BIT_CONVERSION = YES;
				GCC_WARN_ABOUT_RETURN_TYPE = YES_ERROR;
				GCC_WARN_UNDECLARED_SELECTOR = YES;
				GCC_WARN_UNINITIALIZED_AUTOS = YES_AGGRESSIVE;
				GCC_WARN_UNUSED_FUNCTION = YES;
				GCC_WARN_UNUSED_VARIABLE = YES;
				IPHONEOS_DEPLOYMENT_TARGET = 8.4;
				MTL_ENABLE_DEBUG_INFO = YES;
				ONLY_ACTIVE_ARCH = YES;
				SDKROOT = iphoneos;
				SWIFT_OPTIMIZATION_LEVEL = "-Onone";
				TARGETED_DEVICE_FAMILY = 2;
			};
			name = Debug;
		};
		4D87E6171B9BE03700E0AD74 /* Release */ = {
			isa = XCBuildConfiguration;
			buildSettings = {
				ALWAYS_SEARCH_USER_PATHS = NO;
				CLANG_CXX_LANGUAGE_STANDARD = "gnu++0x";
				CLANG_CXX_LIBRARY = "libc++";
				CLANG_ENABLE_MODULES = YES;
				CLANG_ENABLE_OBJC_ARC = YES;
				CLANG_WARN_BOOL_CONVERSION = YES;
				CLANG_WARN_CONSTANT_CONVERSION = YES;
				CLANG_WARN_DIRECT_OBJC_ISA_USAGE = YES_ERROR;
				CLANG_WARN_EMPTY_BODY = YES;
				CLANG_WARN_ENUM_CONVERSION = YES;
				CLANG_WARN_INT_CONVERSION = YES;
				CLANG_WARN_OBJC_ROOT_CLASS = YES_ERROR;
				CLANG_WARN_UNREACHABLE_CODE = YES;
				CLANG_WARN__DUPLICATE_METHOD_MATCH = YES;
				"CODE_SIGN_IDENTITY[sdk=iphoneos*]" = "iPhone Developer";
				COPY_PHASE_STRIP = NO;
				DEBUG_INFORMATION_FORMAT = "dwarf-with-dsym";
				ENABLE_NS_ASSERTIONS = NO;
				ENABLE_STRICT_OBJC_MSGSEND = YES;
				GCC_C_LANGUAGE_STANDARD = gnu99;
				GCC_NO_COMMON_BLOCKS = YES;
				GCC_WARN_64_TO_32_BIT_CONVERSION = YES;
				GCC_WARN_ABOUT_RETURN_TYPE = YES_ERROR;
				GCC_WARN_UNDECLARED_SELECTOR = YES;
				GCC_WARN_UNINITIALIZED_AUTOS = YES_AGGRESSIVE;
				GCC_WARN_UNUSED_FUNCTION = YES;
				GCC_WARN_UNUSED_VARIABLE = YES;
				IPHONEOS_DEPLOYMENT_TARGET = 8.4;
				MTL_ENABLE_DEBUG_INFO = NO;
				SDKROOT = iphoneos;
				TARGETED_DEVICE_FAMILY = 2;
				VALIDATE_PRODUCT = YES;
			};
			name = Release;
		};
		4D87E6191B9BE03700E0AD74 /* Debug */ = {
			isa = XCBuildConfiguration;
			buildSettings = {
				ASSETCATALOG_COMPILER_APPICON_NAME = AppIcon;
				CLANG_ENABLE_MODULES = YES;
				INFOPLIST_FILE = ProductShow/Info.plist;
				IPHONEOS_DEPLOYMENT_TARGET = 8.4;
				LD_RUNPATH_SEARCH_PATHS = "$(inherited) @executable_path/Frameworks";
				PRODUCT_NAME = "$(TARGET_NAME)";
				SWIFT_OBJC_BRIDGING_HEADER = "ProductShow/ProductShow-Bridging-Header.h";
				SWIFT_OPTIMIZATION_LEVEL = "-Onone";
			};
			name = Debug;
		};
		4D87E61A1B9BE03700E0AD74 /* Release */ = {
			isa = XCBuildConfiguration;
			buildSettings = {
				ASSETCATALOG_COMPILER_APPICON_NAME = AppIcon;
				CLANG_ENABLE_MODULES = YES;
				INFOPLIST_FILE = ProductShow/Info.plist;
				IPHONEOS_DEPLOYMENT_TARGET = 8.4;
				LD_RUNPATH_SEARCH_PATHS = "$(inherited) @executable_path/Frameworks";
				PRODUCT_NAME = "$(TARGET_NAME)";
				SWIFT_OBJC_BRIDGING_HEADER = "ProductShow/ProductShow-Bridging-Header.h";
			};
			name = Release;
		};
		4D87E61C1B9BE03700E0AD74 /* Debug */ = {
			isa = XCBuildConfiguration;
			buildSettings = {
				BUNDLE_LOADER = "$(TEST_HOST)";
				FRAMEWORK_SEARCH_PATHS = (
					"$(SDKROOT)/Developer/Library/Frameworks",
					"$(inherited)",
				);
				GCC_PREPROCESSOR_DEFINITIONS = (
					"DEBUG=1",
					"$(inherited)",
				);
				INFOPLIST_FILE = ProductShowTests/Info.plist;
				LD_RUNPATH_SEARCH_PATHS = "$(inherited) @executable_path/Frameworks @loader_path/Frameworks";
				PRODUCT_NAME = "$(TARGET_NAME)";
				TEST_HOST = "$(BUILT_PRODUCTS_DIR)/ProductShow.app/ProductShow";
			};
			name = Debug;
		};
		4D87E61D1B9BE03700E0AD74 /* Release */ = {
			isa = XCBuildConfiguration;
			buildSettings = {
				BUNDLE_LOADER = "$(TEST_HOST)";
				FRAMEWORK_SEARCH_PATHS = (
					"$(SDKROOT)/Developer/Library/Frameworks",
					"$(inherited)",
				);
				INFOPLIST_FILE = ProductShowTests/Info.plist;
				LD_RUNPATH_SEARCH_PATHS = "$(inherited) @executable_path/Frameworks @loader_path/Frameworks";
				PRODUCT_NAME = "$(TARGET_NAME)";
				TEST_HOST = "$(BUILT_PRODUCTS_DIR)/ProductShow.app/ProductShow";
			};
			name = Release;
		};
/* End XCBuildConfiguration section */

/* Begin XCConfigurationList section */
		4D87E5F21B9BE03700E0AD74 /* Build configuration list for PBXProject "ProductShow" */ = {
			isa = XCConfigurationList;
			buildConfigurations = (
				4D87E6161B9BE03700E0AD74 /* Debug */,
				4D87E6171B9BE03700E0AD74 /* Release */,
			);
			defaultConfigurationIsVisible = 0;
			defaultConfigurationName = Release;
		};
		4D87E6181B9BE03700E0AD74 /* Build configuration list for PBXNativeTarget "ProductShow" */ = {
			isa = XCConfigurationList;
			buildConfigurations = (
				4D87E6191B9BE03700E0AD74 /* Debug */,
				4D87E61A1B9BE03700E0AD74 /* Release */,
			);
			defaultConfigurationIsVisible = 0;
			defaultConfigurationName = Release;
		};
		4D87E61B1B9BE03700E0AD74 /* Build configuration list for PBXNativeTarget "ProductShowTests" */ = {
			isa = XCConfigurationList;
			buildConfigurations = (
				4D87E61C1B9BE03700E0AD74 /* Debug */,
				4D87E61D1B9BE03700E0AD74 /* Release */,
			);
			defaultConfigurationIsVisible = 0;
			defaultConfigurationName = Release;
		};
/* End XCConfigurationList section */
	};
	rootObject = 4D87E5EF1B9BE03700E0AD74 /* Project object */;
}
